// !$*UTF8*$!
{
	archiveVersion = 1;
	classes = {
	};
	objectVersion = 55;
	objects = {

/* Begin PBXBuildFile section */
		72602921285AD11C00644A82 /* iOSDropDown.swift in Sources */ = {isa = PBXBuildFile; fileRef = 72602920285AD11C00644A82 /* iOSDropDown.swift */; };
		7260292B285AD55700644A82 /* FirestoreHelper.swift in Sources */ = {isa = PBXBuildFile; fileRef = 72602929285AD55700644A82 /* FirestoreHelper.swift */; };
		7260292E285ADD3D00644A82 /* ForumRespository.swift in Sources */ = {isa = PBXBuildFile; fileRef = 7260292D285ADD3D00644A82 /* ForumRespository.swift */; };
		72602932285AE87200644A82 /* UIView+Fade.swift in Sources */ = {isa = PBXBuildFile; fileRef = 72602931285AE87200644A82 /* UIView+Fade.swift */; };
		72602934285AEDE800644A82 /* EntryForum.swift in Sources */ = {isa = PBXBuildFile; fileRef = 72602933285AEDE800644A82 /* EntryForum.swift */; };
		72602936285AF1FA00644A82 /* UIViewController+BackButton.swift in Sources */ = {isa = PBXBuildFile; fileRef = 72602935285AF1FA00644A82 /* UIViewController+BackButton.swift */; };
		72A6D3E32862CB9900150CB0 /* ForumTableViewCell.swift in Sources */ = {isa = PBXBuildFile; fileRef = 72A6D3E12862CB9900150CB0 /* ForumTableViewCell.swift */; };
		72A6D3E42862CB9900150CB0 /* ForumTableViewCell.xib in Resources */ = {isa = PBXBuildFile; fileRef = 72A6D3E22862CB9900150CB0 /* ForumTableViewCell.xib */; };
		72A92C8C284F6E2300B2F1F4 /* GoogleService-Info.plist in Resources */ = {isa = PBXBuildFile; fileRef = 72A92C8B284F6E2300B2F1F4 /* GoogleService-Info.plist */; };
		72A92C8F284F740B00B2F1F4 /* FirebaseAnalytics in Frameworks */ = {isa = PBXBuildFile; productRef = 72A92C8E284F740B00B2F1F4 /* FirebaseAnalytics */; };
		72A92C91284F740B00B2F1F4 /* FirebaseAnalyticsOnDeviceConversion in Frameworks */ = {isa = PBXBuildFile; productRef = 72A92C90284F740B00B2F1F4 /* FirebaseAnalyticsOnDeviceConversion */; };
		72A92C93284F740B00B2F1F4 /* FirebaseAnalyticsSwift in Frameworks */ = {isa = PBXBuildFile; productRef = 72A92C92284F740B00B2F1F4 /* FirebaseAnalyticsSwift */; };
		72A92C95284F740B00B2F1F4 /* FirebaseAnalyticsWithoutAdIdSupport in Frameworks */ = {isa = PBXBuildFile; productRef = 72A92C94284F740B00B2F1F4 /* FirebaseAnalyticsWithoutAdIdSupport */; };
		72A92C97284F740B00B2F1F4 /* FirebaseAppCheck in Frameworks */ = {isa = PBXBuildFile; productRef = 72A92C96284F740B00B2F1F4 /* FirebaseAppCheck */; };
		72A92C99284F740B00B2F1F4 /* FirebaseAppDistribution-Beta in Frameworks */ = {isa = PBXBuildFile; productRef = 72A92C98284F740B00B2F1F4 /* FirebaseAppDistribution-Beta */; };
		72A92C9B284F740B00B2F1F4 /* FirebaseAuth in Frameworks */ = {isa = PBXBuildFile; productRef = 72A92C9A284F740B00B2F1F4 /* FirebaseAuth */; };
		72A92C9D284F740B00B2F1F4 /* FirebaseAuthCombine-Community in Frameworks */ = {isa = PBXBuildFile; productRef = 72A92C9C284F740B00B2F1F4 /* FirebaseAuthCombine-Community */; };
		72A92C9F284F740B00B2F1F4 /* FirebaseCrashlytics in Frameworks */ = {isa = PBXBuildFile; productRef = 72A92C9E284F740B00B2F1F4 /* FirebaseCrashlytics */; };
		72A92CA1284F740B00B2F1F4 /* FirebaseDatabase in Frameworks */ = {isa = PBXBuildFile; productRef = 72A92CA0284F740B00B2F1F4 /* FirebaseDatabase */; };
		72A92CA3284F740B00B2F1F4 /* FirebaseDatabaseSwift in Frameworks */ = {isa = PBXBuildFile; productRef = 72A92CA2284F740B00B2F1F4 /* FirebaseDatabaseSwift */; };
		72A92CA5284F740B00B2F1F4 /* FirebaseDynamicLinks in Frameworks */ = {isa = PBXBuildFile; productRef = 72A92CA4284F740B00B2F1F4 /* FirebaseDynamicLinks */; };
		72A92CA7284F740B00B2F1F4 /* FirebaseFirestore in Frameworks */ = {isa = PBXBuildFile; productRef = 72A92CA6284F740B00B2F1F4 /* FirebaseFirestore */; };
		72A92CA9284F740B00B2F1F4 /* FirebaseFirestoreCombine-Community in Frameworks */ = {isa = PBXBuildFile; productRef = 72A92CA8284F740B00B2F1F4 /* FirebaseFirestoreCombine-Community */; };
		72A92CAB284F740B00B2F1F4 /* FirebaseFirestoreSwift in Frameworks */ = {isa = PBXBuildFile; productRef = 72A92CAA284F740B00B2F1F4 /* FirebaseFirestoreSwift */; };
		72A92CAD284F740B00B2F1F4 /* FirebaseFunctions in Frameworks */ = {isa = PBXBuildFile; productRef = 72A92CAC284F740B00B2F1F4 /* FirebaseFunctions */; };
		72A92CAF284F740B00B2F1F4 /* FirebaseFunctionsCombine-Community in Frameworks */ = {isa = PBXBuildFile; productRef = 72A92CAE284F740B00B2F1F4 /* FirebaseFunctionsCombine-Community */; };
		72A92CB1284F740B00B2F1F4 /* FirebaseInAppMessaging-Beta in Frameworks */ = {isa = PBXBuildFile; productRef = 72A92CB0284F740B00B2F1F4 /* FirebaseInAppMessaging-Beta */; };
		72A92CB3284F740B00B2F1F4 /* FirebaseInAppMessagingSwift-Beta in Frameworks */ = {isa = PBXBuildFile; productRef = 72A92CB2284F740B00B2F1F4 /* FirebaseInAppMessagingSwift-Beta */; };
		72A92CB5284F740B00B2F1F4 /* FirebaseInstallations in Frameworks */ = {isa = PBXBuildFile; productRef = 72A92CB4284F740B00B2F1F4 /* FirebaseInstallations */; };
		72A92CB7284F740B00B2F1F4 /* FirebaseMLModelDownloader in Frameworks */ = {isa = PBXBuildFile; productRef = 72A92CB6284F740B00B2F1F4 /* FirebaseMLModelDownloader */; };
		72A92CB9284F740B00B2F1F4 /* FirebaseMessaging in Frameworks */ = {isa = PBXBuildFile; productRef = 72A92CB8284F740B00B2F1F4 /* FirebaseMessaging */; };
		72A92CBB284F740B00B2F1F4 /* FirebasePerformance in Frameworks */ = {isa = PBXBuildFile; productRef = 72A92CBA284F740B00B2F1F4 /* FirebasePerformance */; };
		72A92CBD284F740B00B2F1F4 /* FirebaseRemoteConfig in Frameworks */ = {isa = PBXBuildFile; productRef = 72A92CBC284F740B00B2F1F4 /* FirebaseRemoteConfig */; };
		72A92CBF284F740B00B2F1F4 /* FirebaseRemoteConfigSwift in Frameworks */ = {isa = PBXBuildFile; productRef = 72A92CBE284F740B00B2F1F4 /* FirebaseRemoteConfigSwift */; };
		72A92CC1284F740B00B2F1F4 /* FirebaseStorage in Frameworks */ = {isa = PBXBuildFile; productRef = 72A92CC0284F740B00B2F1F4 /* FirebaseStorage */; };
		72A92CC3284F740B00B2F1F4 /* FirebaseStorageCombine-Community in Frameworks */ = {isa = PBXBuildFile; productRef = 72A92CC2284F740B00B2F1F4 /* FirebaseStorageCombine-Community */; };
		72A92CC6284F9CAC00B2F1F4 /* Constants.swift in Sources */ = {isa = PBXBuildFile; fileRef = 72A92CC5284F9CAC00B2F1F4 /* Constants.swift */; };
		72BD0405285A194800041943 /* AddNewForumViewController.swift in Sources */ = {isa = PBXBuildFile; fileRef = 72BD0404285A194800041943 /* AddNewForumViewController.swift */; };
		72C66AFA284F382800261C91 /* SignUpViewController.swift in Sources */ = {isa = PBXBuildFile; fileRef = 72C66AF9284F382800261C91 /* SignUpViewController.swift */; };
		72C66AFC284F383900261C91 /* LogInViewController.swift in Sources */ = {isa = PBXBuildFile; fileRef = 72C66AFB284F383900261C91 /* LogInViewController.swift */; };
		72C66AFE284F384F00261C91 /* HomeViewController.swift in Sources */ = {isa = PBXBuildFile; fileRef = 72C66AFD284F384F00261C91 /* HomeViewController.swift */; };
		9505E24928640FEE00D6EA9D /* JournalStoryboard.storyboard in Resources */ = {isa = PBXBuildFile; fileRef = 9505E24728640FEE00D6EA9D /* JournalStoryboard.storyboard */; };
		95072DDA286B66F80013F2C7 /* CommentButton.swift in Sources */ = {isa = PBXBuildFile; fileRef = 95072DD9286B66F80013F2C7 /* CommentButton.swift */; };
		950D37EB28640C3700F598E1 /* ProfileStoryboard.storyboard in Resources */ = {isa = PBXBuildFile; fileRef = 950D37E528640C3700F598E1 /* ProfileStoryboard.storyboard */; };
		950D37EC28640C3700F598E1 /* TopicDetailStoryboard.storyboard in Resources */ = {isa = PBXBuildFile; fileRef = 950D37E728640C3700F598E1 /* TopicDetailStoryboard.storyboard */; };
		950D37ED28640C3700F598E1 /* Home.storyboard in Resources */ = {isa = PBXBuildFile; fileRef = 950D37E928640C3700F598E1 /* Home.storyboard */; };
		950D37F328640E3800F598E1 /* TopicViewController.swift in Sources */ = {isa = PBXBuildFile; fileRef = 950D37EF28640E3800F598E1 /* TopicViewController.swift */; };
		950D37F428640E3800F598E1 /* CategoriesDetail.swift in Sources */ = {isa = PBXBuildFile; fileRef = 950D37F028640E3800F598E1 /* CategoriesDetail.swift */; };
		950D37F528640E3800F598E1 /* Categories.swift in Sources */ = {isa = PBXBuildFile; fileRef = 950D37F128640E3800F598E1 /* Categories.swift */; };
		950D37F628640E3800F598E1 /* TopicDetailController.swift in Sources */ = {isa = PBXBuildFile; fileRef = 950D37F228640E3800F598E1 /* TopicDetailController.swift */; };
		953A4CF0286C62E60091A9C3 /* CommentRepository.swift in Sources */ = {isa = PBXBuildFile; fileRef = 953A4CEF286C62E60091A9C3 /* CommentRepository.swift */; };
		95460F122862CFC600B73353 /* UIImageView+LoadImage.swift in Sources */ = {isa = PBXBuildFile; fileRef = 95460F112862CFC600B73353 /* UIImageView+LoadImage.swift */; };
		956733E62861CFD700A2B20F /* MyPostViewController.swift in Sources */ = {isa = PBXBuildFile; fileRef = 956733DD2861CFD700A2B20F /* MyPostViewController.swift */; };
		956733E72861CFD700A2B20F /* SavedViewController.swift in Sources */ = {isa = PBXBuildFile; fileRef = 956733DE2861CFD700A2B20F /* SavedViewController.swift */; };
		956733E92861CFD700A2B20F /* ProfileRepository.swift in Sources */ = {isa = PBXBuildFile; fileRef = 956733E12861CFD700A2B20F /* ProfileRepository.swift */; };
		956733EA2861CFD700A2B20F /* EditProfileViewController.swift in Sources */ = {isa = PBXBuildFile; fileRef = 956733E22861CFD700A2B20F /* EditProfileViewController.swift */; };
		956733EB2861CFD700A2B20F /* ProfileEntry.swift in Sources */ = {isa = PBXBuildFile; fileRef = 956733E32861CFD700A2B20F /* ProfileEntry.swift */; };
		956733EC2861CFD700A2B20F /* ProfileViewController.swift in Sources */ = {isa = PBXBuildFile; fileRef = 956733E42861CFD700A2B20F /* ProfileViewController.swift */; };
		958CCEAC2866BD9C00C3F565 /* UIViewController+LoadingSpinner.swift in Sources */ = {isa = PBXBuildFile; fileRef = 958CCEAB2866BD9C00C3F565 /* UIViewController+LoadingSpinner.swift */; };
		9595296228656B0B00D59D4B /* UIViewController+SetBarTitle.swift in Sources */ = {isa = PBXBuildFile; fileRef = 9595296128656B0B00D59D4B /* UIViewController+SetBarTitle.swift */; };
		95A141F5286177CD00567AE9 /* JournalRepository.swift in Sources */ = {isa = PBXBuildFile; fileRef = 95A141F4286177CD00567AE9 /* JournalRepository.swift */; };
		95A1420E2861788600567AE9 /* Entry.swift in Sources */ = {isa = PBXBuildFile; fileRef = 95A142052861788600567AE9 /* Entry.swift */; };
		95A1420F2861788600567AE9 /* EntryViewController.swift in Sources */ = {isa = PBXBuildFile; fileRef = 95A142062861788600567AE9 /* EntryViewController.swift */; };
		95A142102861788600567AE9 /* EntryCell.swift in Sources */ = {isa = PBXBuildFile; fileRef = 95A142072861788600567AE9 /* EntryCell.swift */; };
		95A142112861788600567AE9 /* EntryDetailViewController.swift in Sources */ = {isa = PBXBuildFile; fileRef = 95A142082861788600567AE9 /* EntryDetailViewController.swift */; };
		95A142122861788600567AE9 /* JournalParentVC.swift in Sources */ = {isa = PBXBuildFile; fileRef = 95A142092861788600567AE9 /* JournalParentVC.swift */; };
		95A142132861788600567AE9 /* FilterGroup.swift in Sources */ = {isa = PBXBuildFile; fileRef = 95A1420A2861788600567AE9 /* FilterGroup.swift */; };
		95A142142861788600567AE9 /* JournalViewController.swift in Sources */ = {isa = PBXBuildFile; fileRef = 95A1420B2861788600567AE9 /* JournalViewController.swift */; };
		95A142152861788600567AE9 /* FilterGroupCell.swift in Sources */ = {isa = PBXBuildFile; fileRef = 95A1420C2861788600567AE9 /* FilterGroupCell.swift */; };
		95A142162861788600567AE9 /* FilterViewController.swift in Sources */ = {isa = PBXBuildFile; fileRef = 95A1420D2861788600567AE9 /* FilterViewController.swift */; };
		95A1421B28617C7F00567AE9 /* Date+DateComparison.swift in Sources */ = {isa = PBXBuildFile; fileRef = 95A1421A28617C7F00567AE9 /* Date+DateComparison.swift */; };
		A0A93C0B2871E2A600C2840B /* LaunchScreen.storyboard in Resources */ = {isa = PBXBuildFile; fileRef = A0A93C0A2871E2A600C2840B /* LaunchScreen.storyboard */; };
		B05CD5E0286AAC240093C11A /* CommentController.swift in Sources */ = {isa = PBXBuildFile; fileRef = B05CD5DF286AAC240093C11A /* CommentController.swift */; };
		B05CD5E2286AB43B0093C11A /* Comment.swift in Sources */ = {isa = PBXBuildFile; fileRef = B05CD5E1286AB43B0093C11A /* Comment.swift */; };
		B05CD5E4286B38E70093C11A /* CommentStoryboard.storyboard in Resources */ = {isa = PBXBuildFile; fileRef = B05CD5E3286B38E70093C11A /* CommentStoryboard.storyboard */; };
		B05CD5EA286B45930093C11A /* CommentCell.swift in Sources */ = {isa = PBXBuildFile; fileRef = B05CD5E9286B45930093C11A /* CommentCell.swift */; };
		B0A5C39428590ADA00865632 /* TableViewCell.swift in Sources */ = {isa = PBXBuildFile; fileRef = B0A5C39328590ADA00865632 /* TableViewCell.swift */; };
		B0A7C4E828531F5600144E6D /* VerificationController.swift in Sources */ = {isa = PBXBuildFile; fileRef = B0A7C4E728531F5600144E6D /* VerificationController.swift */; };
		B0C643F1286A229500565BA5 /* SetCategoryColor.swift in Sources */ = {isa = PBXBuildFile; fileRef = B0C643F0286A229500565BA5 /* SetCategoryColor.swift */; };
		B0F451B02871C36C00FF516C /* Alamofire in Frameworks */ = {isa = PBXBuildFile; productRef = B0F451AF2871C36C00FF516C /* Alamofire */; };
		B0FEA0DF2845117B00EF8DD9 /* AppDelegate.swift in Sources */ = {isa = PBXBuildFile; fileRef = B0FEA0DE2845117B00EF8DD9 /* AppDelegate.swift */; };
		B0FEA0E12845117B00EF8DD9 /* SceneDelegate.swift in Sources */ = {isa = PBXBuildFile; fileRef = B0FEA0E02845117B00EF8DD9 /* SceneDelegate.swift */; };
		B0FEA0E32845117B00EF8DD9 /* OnboardViewController.swift in Sources */ = {isa = PBXBuildFile; fileRef = B0FEA0E22845117B00EF8DD9 /* OnboardViewController.swift */; };
		B0FEA0E62845117B00EF8DD9 /* Main.storyboard in Resources */ = {isa = PBXBuildFile; fileRef = B0FEA0E42845117B00EF8DD9 /* Main.storyboard */; };
		B0FEA0E82845117C00EF8DD9 /* Assets.xcassets in Resources */ = {isa = PBXBuildFile; fileRef = B0FEA0E72845117C00EF8DD9 /* Assets.xcassets */; };
/* End PBXBuildFile section */

/* Begin PBXFileReference section */
		72602920285AD11C00644A82 /* iOSDropDown.swift */ = {isa = PBXFileReference; fileEncoding = 4; lastKnownFileType = sourcecode.swift; path = iOSDropDown.swift; sourceTree = "<group>"; };
		72602929285AD55700644A82 /* FirestoreHelper.swift */ = {isa = PBXFileReference; fileEncoding = 4; lastKnownFileType = sourcecode.swift; path = FirestoreHelper.swift; sourceTree = "<group>"; };
		7260292D285ADD3D00644A82 /* ForumRespository.swift */ = {isa = PBXFileReference; lastKnownFileType = sourcecode.swift; path = ForumRespository.swift; sourceTree = "<group>"; };
		72602931285AE87200644A82 /* UIView+Fade.swift */ = {isa = PBXFileReference; fileEncoding = 4; lastKnownFileType = sourcecode.swift; path = "UIView+Fade.swift"; sourceTree = "<group>"; };
		72602933285AEDE800644A82 /* EntryForum.swift */ = {isa = PBXFileReference; lastKnownFileType = sourcecode.swift; path = EntryForum.swift; sourceTree = "<group>"; };
		72602935285AF1FA00644A82 /* UIViewController+BackButton.swift */ = {isa = PBXFileReference; fileEncoding = 4; lastKnownFileType = sourcecode.swift; path = "UIViewController+BackButton.swift"; sourceTree = "<group>"; };
		72A6D3E12862CB9900150CB0 /* ForumTableViewCell.swift */ = {isa = PBXFileReference; lastKnownFileType = sourcecode.swift; path = ForumTableViewCell.swift; sourceTree = "<group>"; };
		72A6D3E22862CB9900150CB0 /* ForumTableViewCell.xib */ = {isa = PBXFileReference; lastKnownFileType = file.xib; path = ForumTableViewCell.xib; sourceTree = "<group>"; };
		72A92C8B284F6E2300B2F1F4 /* GoogleService-Info.plist */ = {isa = PBXFileReference; fileEncoding = 4; lastKnownFileType = text.plist.xml; path = "GoogleService-Info.plist"; sourceTree = "<group>"; };
		72A92CC5284F9CAC00B2F1F4 /* Constants.swift */ = {isa = PBXFileReference; lastKnownFileType = sourcecode.swift; path = Constants.swift; sourceTree = "<group>"; };
		72BD0404285A194800041943 /* AddNewForumViewController.swift */ = {isa = PBXFileReference; lastKnownFileType = sourcecode.swift; path = AddNewForumViewController.swift; sourceTree = "<group>"; };
		72C66AF9284F382800261C91 /* SignUpViewController.swift */ = {isa = PBXFileReference; lastKnownFileType = sourcecode.swift; path = SignUpViewController.swift; sourceTree = "<group>"; };
		72C66AFB284F383900261C91 /* LogInViewController.swift */ = {isa = PBXFileReference; lastKnownFileType = sourcecode.swift; path = LogInViewController.swift; sourceTree = "<group>"; };
		72C66AFD284F384F00261C91 /* HomeViewController.swift */ = {isa = PBXFileReference; lastKnownFileType = sourcecode.swift; path = HomeViewController.swift; sourceTree = "<group>"; };
		9505E24828640FEE00D6EA9D /* Base */ = {isa = PBXFileReference; lastKnownFileType = file.storyboard; name = Base; path = "MC-2/Storyboard/Base.lproj/JournalStoryboard.storyboard"; sourceTree = "<group>"; };
		95072DD9286B66F80013F2C7 /* CommentButton.swift */ = {isa = PBXFileReference; lastKnownFileType = sourcecode.swift; path = CommentButton.swift; sourceTree = "<group>"; };
		950D37E628640C3700F598E1 /* Base */ = {isa = PBXFileReference; lastKnownFileType = file.storyboard; name = Base; path = Base.lproj/ProfileStoryboard.storyboard; sourceTree = "<group>"; };
		950D37E828640C3700F598E1 /* Base */ = {isa = PBXFileReference; lastKnownFileType = file.storyboard; name = Base; path = Base.lproj/TopicDetailStoryboard.storyboard; sourceTree = "<group>"; };
		950D37EA28640C3700F598E1 /* Base */ = {isa = PBXFileReference; lastKnownFileType = file.storyboard; name = Base; path = Base.lproj/Home.storyboard; sourceTree = "<group>"; };
		950D37EF28640E3800F598E1 /* TopicViewController.swift */ = {isa = PBXFileReference; fileEncoding = 4; lastKnownFileType = sourcecode.swift; path = TopicViewController.swift; sourceTree = "<group>"; };
		950D37F028640E3800F598E1 /* CategoriesDetail.swift */ = {isa = PBXFileReference; fileEncoding = 4; lastKnownFileType = sourcecode.swift; path = CategoriesDetail.swift; sourceTree = "<group>"; };
		950D37F128640E3800F598E1 /* Categories.swift */ = {isa = PBXFileReference; fileEncoding = 4; lastKnownFileType = sourcecode.swift; path = Categories.swift; sourceTree = "<group>"; };
		950D37F228640E3800F598E1 /* TopicDetailController.swift */ = {isa = PBXFileReference; fileEncoding = 4; lastKnownFileType = sourcecode.swift; path = TopicDetailController.swift; sourceTree = "<group>"; };
		953A4CEF286C62E60091A9C3 /* CommentRepository.swift */ = {isa = PBXFileReference; lastKnownFileType = sourcecode.swift; path = CommentRepository.swift; sourceTree = "<group>"; };
		95460F112862CFC600B73353 /* UIImageView+LoadImage.swift */ = {isa = PBXFileReference; lastKnownFileType = sourcecode.swift; path = "UIImageView+LoadImage.swift"; sourceTree = "<group>"; };
		956733DD2861CFD700A2B20F /* MyPostViewController.swift */ = {isa = PBXFileReference; fileEncoding = 4; lastKnownFileType = sourcecode.swift; path = MyPostViewController.swift; sourceTree = "<group>"; };
		956733DE2861CFD700A2B20F /* SavedViewController.swift */ = {isa = PBXFileReference; fileEncoding = 4; lastKnownFileType = sourcecode.swift; path = SavedViewController.swift; sourceTree = "<group>"; };
		956733E12861CFD700A2B20F /* ProfileRepository.swift */ = {isa = PBXFileReference; fileEncoding = 4; lastKnownFileType = sourcecode.swift; path = ProfileRepository.swift; sourceTree = "<group>"; };
		956733E22861CFD700A2B20F /* EditProfileViewController.swift */ = {isa = PBXFileReference; fileEncoding = 4; lastKnownFileType = sourcecode.swift; path = EditProfileViewController.swift; sourceTree = "<group>"; };
		956733E32861CFD700A2B20F /* ProfileEntry.swift */ = {isa = PBXFileReference; fileEncoding = 4; lastKnownFileType = sourcecode.swift; path = ProfileEntry.swift; sourceTree = "<group>"; };
		956733E42861CFD700A2B20F /* ProfileViewController.swift */ = {isa = PBXFileReference; fileEncoding = 4; lastKnownFileType = sourcecode.swift; path = ProfileViewController.swift; sourceTree = "<group>"; };
		958CCEAB2866BD9C00C3F565 /* UIViewController+LoadingSpinner.swift */ = {isa = PBXFileReference; lastKnownFileType = sourcecode.swift; path = "UIViewController+LoadingSpinner.swift"; sourceTree = "<group>"; };
		9595296128656B0B00D59D4B /* UIViewController+SetBarTitle.swift */ = {isa = PBXFileReference; lastKnownFileType = sourcecode.swift; path = "UIViewController+SetBarTitle.swift"; sourceTree = "<group>"; };
		95A141F4286177CD00567AE9 /* JournalRepository.swift */ = {isa = PBXFileReference; fileEncoding = 4; lastKnownFileType = sourcecode.swift; path = JournalRepository.swift; sourceTree = "<group>"; };
		95A142052861788600567AE9 /* Entry.swift */ = {isa = PBXFileReference; fileEncoding = 4; lastKnownFileType = sourcecode.swift; path = Entry.swift; sourceTree = "<group>"; };
		95A142062861788600567AE9 /* EntryViewController.swift */ = {isa = PBXFileReference; fileEncoding = 4; lastKnownFileType = sourcecode.swift; path = EntryViewController.swift; sourceTree = "<group>"; };
		95A142072861788600567AE9 /* EntryCell.swift */ = {isa = PBXFileReference; fileEncoding = 4; lastKnownFileType = sourcecode.swift; path = EntryCell.swift; sourceTree = "<group>"; };
		95A142082861788600567AE9 /* EntryDetailViewController.swift */ = {isa = PBXFileReference; fileEncoding = 4; lastKnownFileType = sourcecode.swift; path = EntryDetailViewController.swift; sourceTree = "<group>"; };
		95A142092861788600567AE9 /* JournalParentVC.swift */ = {isa = PBXFileReference; fileEncoding = 4; lastKnownFileType = sourcecode.swift; path = JournalParentVC.swift; sourceTree = "<group>"; };
		95A1420A2861788600567AE9 /* FilterGroup.swift */ = {isa = PBXFileReference; fileEncoding = 4; lastKnownFileType = sourcecode.swift; path = FilterGroup.swift; sourceTree = "<group>"; };
		95A1420B2861788600567AE9 /* JournalViewController.swift */ = {isa = PBXFileReference; fileEncoding = 4; lastKnownFileType = sourcecode.swift; path = JournalViewController.swift; sourceTree = "<group>"; };
		95A1420C2861788600567AE9 /* FilterGroupCell.swift */ = {isa = PBXFileReference; fileEncoding = 4; lastKnownFileType = sourcecode.swift; path = FilterGroupCell.swift; sourceTree = "<group>"; };
		95A1420D2861788600567AE9 /* FilterViewController.swift */ = {isa = PBXFileReference; fileEncoding = 4; lastKnownFileType = sourcecode.swift; path = FilterViewController.swift; sourceTree = "<group>"; };
		95A1421A28617C7F00567AE9 /* Date+DateComparison.swift */ = {isa = PBXFileReference; fileEncoding = 4; lastKnownFileType = sourcecode.swift; path = "Date+DateComparison.swift"; sourceTree = "<group>"; };
		A0A93C0A2871E2A600C2840B /* LaunchScreen.storyboard */ = {isa = PBXFileReference; lastKnownFileType = file.storyboard; path = LaunchScreen.storyboard; sourceTree = "<group>"; };
		B02330F228597F230037A81B /* TopicRepository.swift */ = {isa = PBXFileReference; lastKnownFileType = sourcecode.swift; path = TopicRepository.swift; sourceTree = "<group>"; };
		B05CD5DF286AAC240093C11A /* CommentController.swift */ = {isa = PBXFileReference; lastKnownFileType = sourcecode.swift; path = CommentController.swift; sourceTree = "<group>"; };
		B05CD5E1286AB43B0093C11A /* Comment.swift */ = {isa = PBXFileReference; lastKnownFileType = sourcecode.swift; path = Comment.swift; sourceTree = "<group>"; };
		B05CD5E3286B38E70093C11A /* CommentStoryboard.storyboard */ = {isa = PBXFileReference; lastKnownFileType = file.storyboard; path = CommentStoryboard.storyboard; sourceTree = "<group>"; };
		B05CD5E9286B45930093C11A /* CommentCell.swift */ = {isa = PBXFileReference; lastKnownFileType = sourcecode.swift; path = CommentCell.swift; sourceTree = "<group>"; };
		B0A5C39328590ADA00865632 /* TableViewCell.swift */ = {isa = PBXFileReference; lastKnownFileType = sourcecode.swift; path = TableViewCell.swift; sourceTree = "<group>"; };
		B0A7C4E728531F5600144E6D /* VerificationController.swift */ = {isa = PBXFileReference; lastKnownFileType = sourcecode.swift; path = VerificationController.swift; sourceTree = "<group>"; };
		B0C643F0286A229500565BA5 /* SetCategoryColor.swift */ = {isa = PBXFileReference; lastKnownFileType = sourcecode.swift; path = SetCategoryColor.swift; sourceTree = "<group>"; };
		B0FEA0DB2845117B00EF8DD9 /* MC-2.app */ = {isa = PBXFileReference; explicitFileType = wrapper.application; includeInIndex = 0; path = "MC-2.app"; sourceTree = BUILT_PRODUCTS_DIR; };
		B0FEA0DE2845117B00EF8DD9 /* AppDelegate.swift */ = {isa = PBXFileReference; lastKnownFileType = sourcecode.swift; path = AppDelegate.swift; sourceTree = "<group>"; };
		B0FEA0E02845117B00EF8DD9 /* SceneDelegate.swift */ = {isa = PBXFileReference; lastKnownFileType = sourcecode.swift; path = SceneDelegate.swift; sourceTree = "<group>"; };
		B0FEA0E22845117B00EF8DD9 /* OnboardViewController.swift */ = {isa = PBXFileReference; lastKnownFileType = sourcecode.swift; path = OnboardViewController.swift; sourceTree = "<group>"; };
		B0FEA0E52845117B00EF8DD9 /* Base */ = {isa = PBXFileReference; lastKnownFileType = file.storyboard; name = Base; path = Base.lproj/Main.storyboard; sourceTree = "<group>"; };
		B0FEA0E72845117C00EF8DD9 /* Assets.xcassets */ = {isa = PBXFileReference; lastKnownFileType = folder.assetcatalog; path = Assets.xcassets; sourceTree = "<group>"; };
		B0FEA0EC2845117C00EF8DD9 /* Info.plist */ = {isa = PBXFileReference; lastKnownFileType = text.plist.xml; path = Info.plist; sourceTree = "<group>"; };
/* End PBXFileReference section */

/* Begin PBXFrameworksBuildPhase section */
		B0FEA0D82845117B00EF8DD9 /* Frameworks */ = {
			isa = PBXFrameworksBuildPhase;
			buildActionMask = 2147483647;
			files = (
				72A92CA1284F740B00B2F1F4 /* FirebaseDatabase in Frameworks */,
				B0F451B02871C36C00FF516C /* Alamofire in Frameworks */,
				72A92CAF284F740B00B2F1F4 /* FirebaseFunctionsCombine-Community in Frameworks */,
				72A92CA7284F740B00B2F1F4 /* FirebaseFirestore in Frameworks */,
				72A92C93284F740B00B2F1F4 /* FirebaseAnalyticsSwift in Frameworks */,
				72A92C8F284F740B00B2F1F4 /* FirebaseAnalytics in Frameworks */,
				72A92C91284F740B00B2F1F4 /* FirebaseAnalyticsOnDeviceConversion in Frameworks */,
				72A92CB7284F740B00B2F1F4 /* FirebaseMLModelDownloader in Frameworks */,
				72A92CAB284F740B00B2F1F4 /* FirebaseFirestoreSwift in Frameworks */,
				72A92C97284F740B00B2F1F4 /* FirebaseAppCheck in Frameworks */,
				72A92C95284F740B00B2F1F4 /* FirebaseAnalyticsWithoutAdIdSupport in Frameworks */,
				72A92C9B284F740B00B2F1F4 /* FirebaseAuth in Frameworks */,
				72A92C9F284F740B00B2F1F4 /* FirebaseCrashlytics in Frameworks */,
				72A92CBF284F740B00B2F1F4 /* FirebaseRemoteConfigSwift in Frameworks */,
				72A92CB1284F740B00B2F1F4 /* FirebaseInAppMessaging-Beta in Frameworks */,
				72A92CA3284F740B00B2F1F4 /* FirebaseDatabaseSwift in Frameworks */,
				72A92CAD284F740B00B2F1F4 /* FirebaseFunctions in Frameworks */,
				72A92CC3284F740B00B2F1F4 /* FirebaseStorageCombine-Community in Frameworks */,
				72A92CBD284F740B00B2F1F4 /* FirebaseRemoteConfig in Frameworks */,
				72A92C99284F740B00B2F1F4 /* FirebaseAppDistribution-Beta in Frameworks */,
				72A92C9D284F740B00B2F1F4 /* FirebaseAuthCombine-Community in Frameworks */,
				72A92CBB284F740B00B2F1F4 /* FirebasePerformance in Frameworks */,
				72A92CB3284F740B00B2F1F4 /* FirebaseInAppMessagingSwift-Beta in Frameworks */,
				72A92CC1284F740B00B2F1F4 /* FirebaseStorage in Frameworks */,
				72A92CA5284F740B00B2F1F4 /* FirebaseDynamicLinks in Frameworks */,
				72A92CA9284F740B00B2F1F4 /* FirebaseFirestoreCombine-Community in Frameworks */,
				72A92CB9284F740B00B2F1F4 /* FirebaseMessaging in Frameworks */,
				72A92CB5284F740B00B2F1F4 /* FirebaseInstallations in Frameworks */,
			);
			runOnlyForDeploymentPostprocessing = 0;
		};
/* End PBXFrameworksBuildPhase section */

/* Begin PBXGroup section */
		72602922285AD1FE00644A82 /* Forum */ = {
			isa = PBXGroup;
			children = (
				72A6D3E02862CB1A00150CB0 /* Forum Cell */,
				72BD0404285A194800041943 /* AddNewForumViewController.swift */,
				72C66AFD284F384F00261C91 /* HomeViewController.swift */,
				72602933285AEDE800644A82 /* EntryForum.swift */,
			);
			path = Forum;
			sourceTree = "<group>";
		};
		72602928285AD55700644A82 /* Firebase */ = {
			isa = PBXGroup;
			children = (
				72602929285AD55700644A82 /* FirestoreHelper.swift */,
				95A141F4286177CD00567AE9 /* JournalRepository.swift */,
				7260292D285ADD3D00644A82 /* ForumRespository.swift */,
				956733E12861CFD700A2B20F /* ProfileRepository.swift */,
				953A4CEF286C62E60091A9C3 /* CommentRepository.swift */,
			);
			path = Firebase;
			sourceTree = "<group>";
		};
		7267674B28598A5400906AD9 /* Storyboard */ = {
			isa = PBXGroup;
			children = (
				9505E24728640FEE00D6EA9D /* JournalStoryboard.storyboard */,
				B0FEA0E42845117B00EF8DD9 /* Main.storyboard */,
				950D37E928640C3700F598E1 /* Home.storyboard */,
				950D37E528640C3700F598E1 /* ProfileStoryboard.storyboard */,
				950D37E728640C3700F598E1 /* TopicDetailStoryboard.storyboard */,
				A0A93C0A2871E2A600C2840B /* LaunchScreen.storyboard */,
				B05CD5E3286B38E70093C11A /* CommentStoryboard.storyboard */,
			);
			path = Storyboard;
			sourceTree = "<group>";
		};
		72A6D3E02862CB1A00150CB0 /* Forum Cell */ = {
			isa = PBXGroup;
			children = (
				72A6D3E12862CB9900150CB0 /* ForumTableViewCell.swift */,
				72A6D3E22862CB9900150CB0 /* ForumTableViewCell.xib */,
				95072DD9286B66F80013F2C7 /* CommentButton.swift */,
			);
			path = "Forum Cell";
			sourceTree = "<group>";
		};
		72A92CC4284F9C7300B2F1F4 /* Helper */ = {
			isa = PBXGroup;
			children = (
				72602920285AD11C00644A82 /* iOSDropDown.swift */,
				72602931285AE87200644A82 /* UIView+Fade.swift */,
				95A1421A28617C7F00567AE9 /* Date+DateComparison.swift */,
				72602935285AF1FA00644A82 /* UIViewController+BackButton.swift */,
				72A92CC5284F9CAC00B2F1F4 /* Constants.swift */,
				95460F112862CFC600B73353 /* UIImageView+LoadImage.swift */,
				9595296128656B0B00D59D4B /* UIViewController+SetBarTitle.swift */,
				958CCEAB2866BD9C00C3F565 /* UIViewController+LoadingSpinner.swift */,
				B0C643F0286A229500565BA5 /* SetCategoryColor.swift */,
			);
			path = Helper;
			sourceTree = "<group>";
		};
		72C66AFF284F385B00261C91 /* View Controllers */ = {
			isa = PBXGroup;
			children = (
				72602922285AD1FE00644A82 /* Forum */,
				956733E02861CFD700A2B20F /* Profile */,
				95A142042861788600567AE9 /* Journal */,
				950D37EE28640E3800F598E1 /* Topic */,
				953189272869786500C84323 /* Authentication */,
			);
			path = "View Controllers";
			sourceTree = "<group>";
		};
		950D37EE28640E3800F598E1 /* Topic */ = {
			isa = PBXGroup;
			children = (
				B05CD5D8286AAA140093C11A /* Comment */,
				950D37EF28640E3800F598E1 /* TopicViewController.swift */,
				950D37F028640E3800F598E1 /* CategoriesDetail.swift */,
				950D37F128640E3800F598E1 /* Categories.swift */,
				950D37F228640E3800F598E1 /* TopicDetailController.swift */,
			);
			path = Topic;
			sourceTree = "<group>";
		};
		953189272869786500C84323 /* Authentication */ = {
			isa = PBXGroup;
			children = (
				B0FEA0E22845117B00EF8DD9 /* OnboardViewController.swift */,
				72C66AF9284F382800261C91 /* SignUpViewController.swift */,
				72C66AFB284F383900261C91 /* LogInViewController.swift */,
				B0A7C4E728531F5600144E6D /* VerificationController.swift */,
			);
			path = Authentication;
			sourceTree = "<group>";
		};
		956733DB2861CFD700A2B20F /* Profile Segments */ = {
			isa = PBXGroup;
			children = (
				956733DD2861CFD700A2B20F /* MyPostViewController.swift */,
				956733DE2861CFD700A2B20F /* SavedViewController.swift */,
			);
			path = "Profile Segments";
			sourceTree = "<group>";
		};
		956733E02861CFD700A2B20F /* Profile */ = {
			isa = PBXGroup;
			children = (
				956733E22861CFD700A2B20F /* EditProfileViewController.swift */,
				956733E32861CFD700A2B20F /* ProfileEntry.swift */,
				956733E42861CFD700A2B20F /* ProfileViewController.swift */,
				956733DB2861CFD700A2B20F /* Profile Segments */,
			);
			path = Profile;
			sourceTree = "<group>";
		};
		95A141F02861775600567AE9 /* Recovered References */ = {
			isa = PBXGroup;
			children = (
				B02330F228597F230037A81B /* TopicRepository.swift */,
			);
			name = "Recovered References";
			sourceTree = "<group>";
		};
		95A142042861788600567AE9 /* Journal */ = {
			isa = PBXGroup;
			children = (
				95A142052861788600567AE9 /* Entry.swift */,
				95A142062861788600567AE9 /* EntryViewController.swift */,
				95A142072861788600567AE9 /* EntryCell.swift */,
				95A142082861788600567AE9 /* EntryDetailViewController.swift */,
				95A142092861788600567AE9 /* JournalParentVC.swift */,
				95A1420A2861788600567AE9 /* FilterGroup.swift */,
				95A1420B2861788600567AE9 /* JournalViewController.swift */,
				95A1420C2861788600567AE9 /* FilterGroupCell.swift */,
				95A1420D2861788600567AE9 /* FilterViewController.swift */,
			);
			name = Journal;
			path = "MC-2/Journal";
			sourceTree = SOURCE_ROOT;
		};
		B05CD5D8286AAA140093C11A /* Comment */ = {
			isa = PBXGroup;
			children = (
				B05CD5DF286AAC240093C11A /* CommentController.swift */,
				B05CD5E1286AB43B0093C11A /* Comment.swift */,
				B05CD5E9286B45930093C11A /* CommentCell.swift */,
			);
			path = Comment;
			sourceTree = "<group>";
		};
		B0FEA0D22845117B00EF8DD9 = {
			isa = PBXGroup;
			children = (
				B0FEA0DD2845117B00EF8DD9 /* MC-2 */,
				B0FEA0DC2845117B00EF8DD9 /* Products */,
				95A141F02861775600567AE9 /* Recovered References */,
			);
			sourceTree = "<group>";
		};
		B0FEA0DC2845117B00EF8DD9 /* Products */ = {
			isa = PBXGroup;
			children = (
				B0FEA0DB2845117B00EF8DD9 /* MC-2.app */,
			);
			name = Products;
			sourceTree = "<group>";
		};
		B0FEA0DD2845117B00EF8DD9 /* MC-2 */ = {
			isa = PBXGroup;
			children = (
				72602928285AD55700644A82 /* Firebase */,
				B0FEA0DE2845117B00EF8DD9 /* AppDelegate.swift */,
				B0FEA0E02845117B00EF8DD9 /* SceneDelegate.swift */,
				72C66AFF284F385B00261C91 /* View Controllers */,
				72A92CC4284F9C7300B2F1F4 /* Helper */,
				7267674B28598A5400906AD9 /* Storyboard */,
				B0FEA0E72845117C00EF8DD9 /* Assets.xcassets */,
				72A92C8B284F6E2300B2F1F4 /* GoogleService-Info.plist */,
				B0FEA0EC2845117C00EF8DD9 /* Info.plist */,
				B0A5C39328590ADA00865632 /* TableViewCell.swift */,
			);
			path = "MC-2";
			sourceTree = "<group>";
		};
/* End PBXGroup section */

/* Begin PBXNativeTarget section */
		B0FEA0DA2845117B00EF8DD9 /* MC-2 */ = {
			isa = PBXNativeTarget;
			buildConfigurationList = B0FEA0EF2845117C00EF8DD9 /* Build configuration list for PBXNativeTarget "MC-2" */;
			buildPhases = (
				B0FEA0D72845117B00EF8DD9 /* Sources */,
				B0FEA0D82845117B00EF8DD9 /* Frameworks */,
				B0FEA0D92845117B00EF8DD9 /* Resources */,
			);
			buildRules = (
			);
			dependencies = (
			);
			name = "MC-2";
			packageProductDependencies = (
				72A92C8E284F740B00B2F1F4 /* FirebaseAnalytics */,
				72A92C90284F740B00B2F1F4 /* FirebaseAnalyticsOnDeviceConversion */,
				72A92C92284F740B00B2F1F4 /* FirebaseAnalyticsSwift */,
				72A92C94284F740B00B2F1F4 /* FirebaseAnalyticsWithoutAdIdSupport */,
				72A92C96284F740B00B2F1F4 /* FirebaseAppCheck */,
				72A92C98284F740B00B2F1F4 /* FirebaseAppDistribution-Beta */,
				72A92C9A284F740B00B2F1F4 /* FirebaseAuth */,
				72A92C9C284F740B00B2F1F4 /* FirebaseAuthCombine-Community */,
				72A92C9E284F740B00B2F1F4 /* FirebaseCrashlytics */,
				72A92CA0284F740B00B2F1F4 /* FirebaseDatabase */,
				72A92CA2284F740B00B2F1F4 /* FirebaseDatabaseSwift */,
				72A92CA4284F740B00B2F1F4 /* FirebaseDynamicLinks */,
				72A92CA6284F740B00B2F1F4 /* FirebaseFirestore */,
				72A92CA8284F740B00B2F1F4 /* FirebaseFirestoreCombine-Community */,
				72A92CAA284F740B00B2F1F4 /* FirebaseFirestoreSwift */,
				72A92CAC284F740B00B2F1F4 /* FirebaseFunctions */,
				72A92CAE284F740B00B2F1F4 /* FirebaseFunctionsCombine-Community */,
				72A92CB0284F740B00B2F1F4 /* FirebaseInAppMessaging-Beta */,
				72A92CB2284F740B00B2F1F4 /* FirebaseInAppMessagingSwift-Beta */,
				72A92CB4284F740B00B2F1F4 /* FirebaseInstallations */,
				72A92CB6284F740B00B2F1F4 /* FirebaseMLModelDownloader */,
				72A92CB8284F740B00B2F1F4 /* FirebaseMessaging */,
				72A92CBA284F740B00B2F1F4 /* FirebasePerformance */,
				72A92CBC284F740B00B2F1F4 /* FirebaseRemoteConfig */,
				72A92CBE284F740B00B2F1F4 /* FirebaseRemoteConfigSwift */,
				72A92CC0284F740B00B2F1F4 /* FirebaseStorage */,
				72A92CC2284F740B00B2F1F4 /* FirebaseStorageCombine-Community */,
				B0F451AF2871C36C00FF516C /* Alamofire */,
			);
			productName = "MC-2";
			productReference = B0FEA0DB2845117B00EF8DD9 /* MC-2.app */;
			productType = "com.apple.product-type.application";
		};
/* End PBXNativeTarget section */

/* Begin PBXProject section */
		B0FEA0D32845117B00EF8DD9 /* Project object */ = {
			isa = PBXProject;
			attributes = {
				BuildIndependentTargetsInParallel = 1;
				LastSwiftUpdateCheck = 1330;
				LastUpgradeCheck = 1330;
				TargetAttributes = {
					B0FEA0DA2845117B00EF8DD9 = {
						CreatedOnToolsVersion = 13.3;
					};
				};
			};
			buildConfigurationList = B0FEA0D62845117B00EF8DD9 /* Build configuration list for PBXProject "MC-2" */;
			compatibilityVersion = "Xcode 13.0";
			developmentRegion = en;
			hasScannedForEncodings = 0;
			knownRegions = (
				en,
				Base,
			);
			mainGroup = B0FEA0D22845117B00EF8DD9;
			packageReferences = (
				72A92C8D284F740B00B2F1F4 /* XCRemoteSwiftPackageReference "firebase-ios-sdk" */,
				B0F451AE2871C36C00FF516C /* XCRemoteSwiftPackageReference "Alamofire" */,
			);
			productRefGroup = B0FEA0DC2845117B00EF8DD9 /* Products */;
			projectDirPath = "";
			projectRoot = "";
			targets = (
				B0FEA0DA2845117B00EF8DD9 /* MC-2 */,
			);
		};
/* End PBXProject section */

/* Begin PBXResourcesBuildPhase section */
		B0FEA0D92845117B00EF8DD9 /* Resources */ = {
			isa = PBXResourcesBuildPhase;
			buildActionMask = 2147483647;
			files = (
				9505E24928640FEE00D6EA9D /* JournalStoryboard.storyboard in Resources */,
				72A92C8C284F6E2300B2F1F4 /* GoogleService-Info.plist in Resources */,
				950D37ED28640C3700F598E1 /* Home.storyboard in Resources */,
				72A6D3E42862CB9900150CB0 /* ForumTableViewCell.xib in Resources */,
				B0FEA0E82845117C00EF8DD9 /* Assets.xcassets in Resources */,
				B0FEA0E62845117B00EF8DD9 /* Main.storyboard in Resources */,
				950D37EC28640C3700F598E1 /* TopicDetailStoryboard.storyboard in Resources */,
				950D37EB28640C3700F598E1 /* ProfileStoryboard.storyboard in Resources */,
				A0A93C0B2871E2A600C2840B /* LaunchScreen.storyboard in Resources */,
				B05CD5E4286B38E70093C11A /* CommentStoryboard.storyboard in Resources */,
			);
			runOnlyForDeploymentPostprocessing = 0;
		};
/* End PBXResourcesBuildPhase section */

/* Begin PBXSourcesBuildPhase section */
		B0FEA0D72845117B00EF8DD9 /* Sources */ = {
			isa = PBXSourcesBuildPhase;
			buildActionMask = 2147483647;
			files = (
				956733E62861CFD700A2B20F /* MyPostViewController.swift in Sources */,
				B05CD5E0286AAC240093C11A /* CommentController.swift in Sources */,
				95A1420E2861788600567AE9 /* Entry.swift in Sources */,
				7260292E285ADD3D00644A82 /* ForumRespository.swift in Sources */,
				72602921285AD11C00644A82 /* iOSDropDown.swift in Sources */,
				953A4CF0286C62E60091A9C3 /* CommentRepository.swift in Sources */,
				956733EB2861CFD700A2B20F /* ProfileEntry.swift in Sources */,
				72602932285AE87200644A82 /* UIView+Fade.swift in Sources */,
				95A142142861788600567AE9 /* JournalViewController.swift in Sources */,
				95460F122862CFC600B73353 /* UIImageView+LoadImage.swift in Sources */,
				72602936285AF1FA00644A82 /* UIViewController+BackButton.swift in Sources */,
				95072DDA286B66F80013F2C7 /* CommentButton.swift in Sources */,
				B0FEA0E32845117B00EF8DD9 /* OnboardViewController.swift in Sources */,
				95A142122861788600567AE9 /* JournalParentVC.swift in Sources */,
				B05CD5EA286B45930093C11A /* CommentCell.swift in Sources */,
				95A141F5286177CD00567AE9 /* JournalRepository.swift in Sources */,
				95A142112861788600567AE9 /* EntryDetailViewController.swift in Sources */,
				B0FEA0DF2845117B00EF8DD9 /* AppDelegate.swift in Sources */,
				958CCEAC2866BD9C00C3F565 /* UIViewController+LoadingSpinner.swift in Sources */,
				9595296228656B0B00D59D4B /* UIViewController+SetBarTitle.swift in Sources */,
				72602934285AEDE800644A82 /* EntryForum.swift in Sources */,
				956733EA2861CFD700A2B20F /* EditProfileViewController.swift in Sources */,
				72C66AFA284F382800261C91 /* SignUpViewController.swift in Sources */,
				95A142152861788600567AE9 /* FilterGroupCell.swift in Sources */,
				72BD0405285A194800041943 /* AddNewForumViewController.swift in Sources */,
				95A1420F2861788600567AE9 /* EntryViewController.swift in Sources */,
				950D37F628640E3800F598E1 /* TopicDetailController.swift in Sources */,
				B05CD5E2286AB43B0093C11A /* Comment.swift in Sources */,
				95A1421B28617C7F00567AE9 /* Date+DateComparison.swift in Sources */,
				950D37F428640E3800F598E1 /* CategoriesDetail.swift in Sources */,
				72C66AFC284F383900261C91 /* LogInViewController.swift in Sources */,
				7260292B285AD55700644A82 /* FirestoreHelper.swift in Sources */,
				72A92CC6284F9CAC00B2F1F4 /* Constants.swift in Sources */,
				B0FEA0E12845117B00EF8DD9 /* SceneDelegate.swift in Sources */,
				950D37F328640E3800F598E1 /* TopicViewController.swift in Sources */,
				72A6D3E32862CB9900150CB0 /* ForumTableViewCell.swift in Sources */,
				B0A5C39428590ADA00865632 /* TableViewCell.swift in Sources */,
				B0A7C4E828531F5600144E6D /* VerificationController.swift in Sources */,
				95A142162861788600567AE9 /* FilterViewController.swift in Sources */,
				95A142102861788600567AE9 /* EntryCell.swift in Sources */,
				956733E92861CFD700A2B20F /* ProfileRepository.swift in Sources */,
				B0C643F1286A229500565BA5 /* SetCategoryColor.swift in Sources */,
				956733E72861CFD700A2B20F /* SavedViewController.swift in Sources */,
				956733EC2861CFD700A2B20F /* ProfileViewController.swift in Sources */,
				72C66AFE284F384F00261C91 /* HomeViewController.swift in Sources */,
				95A142132861788600567AE9 /* FilterGroup.swift in Sources */,
				950D37F528640E3800F598E1 /* Categories.swift in Sources */,
			);
			runOnlyForDeploymentPostprocessing = 0;
		};
/* End PBXSourcesBuildPhase section */

/* Begin PBXVariantGroup section */
		9505E24728640FEE00D6EA9D /* JournalStoryboard.storyboard */ = {
			isa = PBXVariantGroup;
			children = (
				9505E24828640FEE00D6EA9D /* Base */,
			);
			name = JournalStoryboard.storyboard;
			sourceTree = "<group>";
		};
		950D37E528640C3700F598E1 /* ProfileStoryboard.storyboard */ = {
			isa = PBXVariantGroup;
			children = (
				950D37E628640C3700F598E1 /* Base */,
			);
			name = ProfileStoryboard.storyboard;
			sourceTree = "<group>";
		};
		950D37E728640C3700F598E1 /* TopicDetailStoryboard.storyboard */ = {
			isa = PBXVariantGroup;
			children = (
				950D37E828640C3700F598E1 /* Base */,
			);
			name = TopicDetailStoryboard.storyboard;
			sourceTree = "<group>";
		};
		950D37E928640C3700F598E1 /* Home.storyboard */ = {
			isa = PBXVariantGroup;
			children = (
				950D37EA28640C3700F598E1 /* Base */,
			);
			name = Home.storyboard;
			sourceTree = "<group>";
		};
		B0FEA0E42845117B00EF8DD9 /* Main.storyboard */ = {
			isa = PBXVariantGroup;
			children = (
				B0FEA0E52845117B00EF8DD9 /* Base */,
			);
			name = Main.storyboard;
			sourceTree = "<group>";
		};
/* End PBXVariantGroup section */

/* Begin XCBuildConfiguration section */
		B0FEA0ED2845117C00EF8DD9 /* Debug */ = {
			isa = XCBuildConfiguration;
			buildSettings = {
				ALWAYS_SEARCH_USER_PATHS = NO;
				CLANG_ANALYZER_NONNULL = YES;
				CLANG_ANALYZER_NUMBER_OBJECT_CONVERSION = YES_AGGRESSIVE;
				CLANG_CXX_LANGUAGE_STANDARD = "gnu++17";
				CLANG_ENABLE_MODULES = YES;
				CLANG_ENABLE_OBJC_ARC = YES;
				CLANG_ENABLE_OBJC_WEAK = YES;
				CLANG_WARN_BLOCK_CAPTURE_AUTORELEASING = YES;
				CLANG_WARN_BOOL_CONVERSION = YES;
				CLANG_WARN_COMMA = YES;
				CLANG_WARN_CONSTANT_CONVERSION = YES;
				CLANG_WARN_DEPRECATED_OBJC_IMPLEMENTATIONS = YES;
				CLANG_WARN_DIRECT_OBJC_ISA_USAGE = YES_ERROR;
				CLANG_WARN_DOCUMENTATION_COMMENTS = YES;
				CLANG_WARN_EMPTY_BODY = YES;
				CLANG_WARN_ENUM_CONVERSION = YES;
				CLANG_WARN_INFINITE_RECURSION = YES;
				CLANG_WARN_INT_CONVERSION = YES;
				CLANG_WARN_NON_LITERAL_NULL_CONVERSION = YES;
				CLANG_WARN_OBJC_IMPLICIT_RETAIN_SELF = YES;
				CLANG_WARN_OBJC_LITERAL_CONVERSION = YES;
				CLANG_WARN_OBJC_ROOT_CLASS = YES_ERROR;
				CLANG_WARN_QUOTED_INCLUDE_IN_FRAMEWORK_HEADER = YES;
				CLANG_WARN_RANGE_LOOP_ANALYSIS = YES;
				CLANG_WARN_STRICT_PROTOTYPES = YES;
				CLANG_WARN_SUSPICIOUS_MOVE = YES;
				CLANG_WARN_UNGUARDED_AVAILABILITY = YES_AGGRESSIVE;
				CLANG_WARN_UNREACHABLE_CODE = YES;
				CLANG_WARN__DUPLICATE_METHOD_MATCH = YES;
				COPY_PHASE_STRIP = NO;
				DEBUG_INFORMATION_FORMAT = dwarf;
				ENABLE_STRICT_OBJC_MSGSEND = YES;
				ENABLE_TESTABILITY = YES;
				GCC_C_LANGUAGE_STANDARD = gnu11;
				GCC_DYNAMIC_NO_PIC = NO;
				GCC_NO_COMMON_BLOCKS = YES;
				GCC_OPTIMIZATION_LEVEL = 0;
				GCC_PREPROCESSOR_DEFINITIONS = (
					"DEBUG=1",
					"$(inherited)",
				);
				GCC_WARN_64_TO_32_BIT_CONVERSION = YES;
				GCC_WARN_ABOUT_RETURN_TYPE = YES_ERROR;
				GCC_WARN_UNDECLARED_SELECTOR = YES;
				GCC_WARN_UNINITIALIZED_AUTOS = YES_AGGRESSIVE;
				GCC_WARN_UNUSED_FUNCTION = YES;
				GCC_WARN_UNUSED_VARIABLE = YES;
				IPHONEOS_DEPLOYMENT_TARGET = 15.4;
				MTL_ENABLE_DEBUG_INFO = INCLUDE_SOURCE;
				MTL_FAST_MATH = YES;
				ONLY_ACTIVE_ARCH = YES;
				SDKROOT = iphoneos;
				SWIFT_ACTIVE_COMPILATION_CONDITIONS = DEBUG;
				SWIFT_OPTIMIZATION_LEVEL = "-Onone";
			};
			name = Debug;
		};
		B0FEA0EE2845117C00EF8DD9 /* Release */ = {
			isa = XCBuildConfiguration;
			buildSettings = {
				ALWAYS_SEARCH_USER_PATHS = NO;
				CLANG_ANALYZER_NONNULL = YES;
				CLANG_ANALYZER_NUMBER_OBJECT_CONVERSION = YES_AGGRESSIVE;
				CLANG_CXX_LANGUAGE_STANDARD = "gnu++17";
				CLANG_ENABLE_MODULES = YES;
				CLANG_ENABLE_OBJC_ARC = YES;
				CLANG_ENABLE_OBJC_WEAK = YES;
				CLANG_WARN_BLOCK_CAPTURE_AUTORELEASING = YES;
				CLANG_WARN_BOOL_CONVERSION = YES;
				CLANG_WARN_COMMA = YES;
				CLANG_WARN_CONSTANT_CONVERSION = YES;
				CLANG_WARN_DEPRECATED_OBJC_IMPLEMENTATIONS = YES;
				CLANG_WARN_DIRECT_OBJC_ISA_USAGE = YES_ERROR;
				CLANG_WARN_DOCUMENTATION_COMMENTS = YES;
				CLANG_WARN_EMPTY_BODY = YES;
				CLANG_WARN_ENUM_CONVERSION = YES;
				CLANG_WARN_INFINITE_RECURSION = YES;
				CLANG_WARN_INT_CONVERSION = YES;
				CLANG_WARN_NON_LITERAL_NULL_CONVERSION = YES;
				CLANG_WARN_OBJC_IMPLICIT_RETAIN_SELF = YES;
				CLANG_WARN_OBJC_LITERAL_CONVERSION = YES;
				CLANG_WARN_OBJC_ROOT_CLASS = YES_ERROR;
				CLANG_WARN_QUOTED_INCLUDE_IN_FRAMEWORK_HEADER = YES;
				CLANG_WARN_RANGE_LOOP_ANALYSIS = YES;
				CLANG_WARN_STRICT_PROTOTYPES = YES;
				CLANG_WARN_SUSPICIOUS_MOVE = YES;
				CLANG_WARN_UNGUARDED_AVAILABILITY = YES_AGGRESSIVE;
				CLANG_WARN_UNREACHABLE_CODE = YES;
				CLANG_WARN__DUPLICATE_METHOD_MATCH = YES;
				COPY_PHASE_STRIP = NO;
				DEBUG_INFORMATION_FORMAT = "dwarf-with-dsym";
				ENABLE_NS_ASSERTIONS = NO;
				ENABLE_STRICT_OBJC_MSGSEND = YES;
				GCC_C_LANGUAGE_STANDARD = gnu11;
				GCC_NO_COMMON_BLOCKS = YES;
				GCC_WARN_64_TO_32_BIT_CONVERSION = YES;
				GCC_WARN_ABOUT_RETURN_TYPE = YES_ERROR;
				GCC_WARN_UNDECLARED_SELECTOR = YES;
				GCC_WARN_UNINITIALIZED_AUTOS = YES_AGGRESSIVE;
				GCC_WARN_UNUSED_FUNCTION = YES;
				GCC_WARN_UNUSED_VARIABLE = YES;
				IPHONEOS_DEPLOYMENT_TARGET = 15.4;
				MTL_ENABLE_DEBUG_INFO = NO;
				MTL_FAST_MATH = YES;
				SDKROOT = iphoneos;
				SWIFT_COMPILATION_MODE = wholemodule;
				SWIFT_OPTIMIZATION_LEVEL = "-O";
				VALIDATE_PRODUCT = YES;
			};
			name = Release;
		};
		B0FEA0F02845117C00EF8DD9 /* Debug */ = {
			isa = XCBuildConfiguration;
			buildSettings = {
				ASSETCATALOG_COMPILER_APPICON_NAME = AppIcon;
				ASSETCATALOG_COMPILER_GLOBAL_ACCENT_COLOR_NAME = AccentColor;
				CODE_SIGN_STYLE = Automatic;
				CURRENT_PROJECT_VERSION = 1;
				DEVELOPMENT_TEAM = MMBFGFQP35;
				GENERATE_INFOPLIST_FILE = YES;
				INFOPLIST_FILE = "MC-2/Info.plist";
				INFOPLIST_KEY_NSCameraUsageDescription = "";
				INFOPLIST_KEY_NSPhotoLibraryUsageDescription = "";
				INFOPLIST_KEY_UIApplicationSupportsIndirectInputEvents = YES;
				INFOPLIST_KEY_UILaunchStoryboardName = LaunchScreen;
				INFOPLIST_KEY_UIMainStoryboardFile = Main;
				INFOPLIST_KEY_UISupportedInterfaceOrientations_iPad = "UIInterfaceOrientationPortrait UIInterfaceOrientationPortraitUpsideDown UIInterfaceOrientationLandscapeLeft UIInterfaceOrientationLandscapeRight";
				INFOPLIST_KEY_UISupportedInterfaceOrientations_iPhone = "UIInterfaceOrientationPortrait UIInterfaceOrientationLandscapeLeft UIInterfaceOrientationLandscapeRight";
				LD_RUNPATH_SEARCH_PATHS = (
					"$(inherited)",
					"@executable_path/Frameworks",
				);
				MARKETING_VERSION = 1.0;
				PRODUCT_BUNDLE_IDENTIFIER = "com.melvinliu.MC-2";
				PRODUCT_NAME = "$(TARGET_NAME)";
				SWIFT_EMIT_LOC_STRINGS = YES;
				SWIFT_VERSION = 5.0;
				TARGETED_DEVICE_FAMILY = "1,2";
			};
			name = Debug;
		};
		B0FEA0F12845117C00EF8DD9 /* Release */ = {
			isa = XCBuildConfiguration;
			buildSettings = {
				ASSETCATALOG_COMPILER_APPICON_NAME = AppIcon;
				ASSETCATALOG_COMPILER_GLOBAL_ACCENT_COLOR_NAME = AccentColor;
				CODE_SIGN_STYLE = Automatic;
				CURRENT_PROJECT_VERSION = 1;
				DEVELOPMENT_TEAM = MMBFGFQP35;
				GENERATE_INFOPLIST_FILE = YES;
				INFOPLIST_FILE = "MC-2/Info.plist";
				INFOPLIST_KEY_NSCameraUsageDescription = "";
				INFOPLIST_KEY_NSPhotoLibraryUsageDescription = "";
				INFOPLIST_KEY_UIApplicationSupportsIndirectInputEvents = YES;
				INFOPLIST_KEY_UILaunchStoryboardName = LaunchScreen;
				INFOPLIST_KEY_UIMainStoryboardFile = Main;
				INFOPLIST_KEY_UISupportedInterfaceOrientations_iPad = "UIInterfaceOrientationPortrait UIInterfaceOrientationPortraitUpsideDown UIInterfaceOrientationLandscapeLeft UIInterfaceOrientationLandscapeRight";
				INFOPLIST_KEY_UISupportedInterfaceOrientations_iPhone = "UIInterfaceOrientationPortrait UIInterfaceOrientationLandscapeLeft UIInterfaceOrientationLandscapeRight";
				LD_RUNPATH_SEARCH_PATHS = (
					"$(inherited)",
					"@executable_path/Frameworks",
				);
				MARKETING_VERSION = 1.0;
				PRODUCT_BUNDLE_IDENTIFIER = "com.melvinliu.MC-2";
				PRODUCT_NAME = "$(TARGET_NAME)";
				SWIFT_EMIT_LOC_STRINGS = YES;
				SWIFT_VERSION = 5.0;
				TARGETED_DEVICE_FAMILY = "1,2";
			};
			name = Release;
		};
/* End XCBuildConfiguration section */

/* Begin XCConfigurationList section */
		B0FEA0D62845117B00EF8DD9 /* Build configuration list for PBXProject "MC-2" */ = {
			isa = XCConfigurationList;
			buildConfigurations = (
				B0FEA0ED2845117C00EF8DD9 /* Debug */,
				B0FEA0EE2845117C00EF8DD9 /* Release */,
			);
			defaultConfigurationIsVisible = 0;
			defaultConfigurationName = Release;
		};
		B0FEA0EF2845117C00EF8DD9 /* Build configuration list for PBXNativeTarget "MC-2" */ = {
			isa = XCConfigurationList;
			buildConfigurations = (
				B0FEA0F02845117C00EF8DD9 /* Debug */,
				B0FEA0F12845117C00EF8DD9 /* Release */,
			);
			defaultConfigurationIsVisible = 0;
			defaultConfigurationName = Release;
		};
/* End XCConfigurationList section */

/* Begin XCRemoteSwiftPackageReference section */
		72A92C8D284F740B00B2F1F4 /* XCRemoteSwiftPackageReference "firebase-ios-sdk" */ = {
			isa = XCRemoteSwiftPackageReference;
			repositoryURL = "https://github.com/firebase/firebase-ios-sdk";
			requirement = {
				kind = upToNextMajorVersion;
				minimumVersion = 9.0.0;
			};
		};
		B0F451AE2871C36C00FF516C /* XCRemoteSwiftPackageReference "Alamofire" */ = {
			isa = XCRemoteSwiftPackageReference;
			repositoryURL = "https://github.com/Alamofire/Alamofire";
			requirement = {
				kind = upToNextMajorVersion;
				minimumVersion = 5.0.0;
			};
		};
/* End XCRemoteSwiftPackageReference section */

/* Begin XCSwiftPackageProductDependency section */
		72A92C8E284F740B00B2F1F4 /* FirebaseAnalytics */ = {
			isa = XCSwiftPackageProductDependency;
			package = 72A92C8D284F740B00B2F1F4 /* XCRemoteSwiftPackageReference "firebase-ios-sdk" */;
			productName = FirebaseAnalytics;
		};
		72A92C90284F740B00B2F1F4 /* FirebaseAnalyticsOnDeviceConversion */ = {
			isa = XCSwiftPackageProductDependency;
			package = 72A92C8D284F740B00B2F1F4 /* XCRemoteSwiftPackageReference "firebase-ios-sdk" */;
			productName = FirebaseAnalyticsOnDeviceConversion;
		};
		72A92C92284F740B00B2F1F4 /* FirebaseAnalyticsSwift */ = {
			isa = XCSwiftPackageProductDependency;
			package = 72A92C8D284F740B00B2F1F4 /* XCRemoteSwiftPackageReference "firebase-ios-sdk" */;
			productName = FirebaseAnalyticsSwift;
		};
		72A92C94284F740B00B2F1F4 /* FirebaseAnalyticsWithoutAdIdSupport */ = {
			isa = XCSwiftPackageProductDependency;
			package = 72A92C8D284F740B00B2F1F4 /* XCRemoteSwiftPackageReference "firebase-ios-sdk" */;
			productName = FirebaseAnalyticsWithoutAdIdSupport;
		};
		72A92C96284F740B00B2F1F4 /* FirebaseAppCheck */ = {
			isa = XCSwiftPackageProductDependency;
			package = 72A92C8D284F740B00B2F1F4 /* XCRemoteSwiftPackageReference "firebase-ios-sdk" */;
			productName = FirebaseAppCheck;
		};
		72A92C98284F740B00B2F1F4 /* FirebaseAppDistribution-Beta */ = {
			isa = XCSwiftPackageProductDependency;
			package = 72A92C8D284F740B00B2F1F4 /* XCRemoteSwiftPackageReference "firebase-ios-sdk" */;
			productName = "FirebaseAppDistribution-Beta";
		};
		72A92C9A284F740B00B2F1F4 /* FirebaseAuth */ = {
			isa = XCSwiftPackageProductDependency;
			package = 72A92C8D284F740B00B2F1F4 /* XCRemoteSwiftPackageReference "firebase-ios-sdk" */;
			productName = FirebaseAuth;
		};
		72A92C9C284F740B00B2F1F4 /* FirebaseAuthCombine-Community */ = {
			isa = XCSwiftPackageProductDependency;
			package = 72A92C8D284F740B00B2F1F4 /* XCRemoteSwiftPackageReference "firebase-ios-sdk" */;
			productName = "FirebaseAuthCombine-Community";
		};
		72A92C9E284F740B00B2F1F4 /* FirebaseCrashlytics */ = {
			isa = XCSwiftPackageProductDependency;
			package = 72A92C8D284F740B00B2F1F4 /* XCRemoteSwiftPackageReference "firebase-ios-sdk" */;
			productName = FirebaseCrashlytics;
		};
		72A92CA0284F740B00B2F1F4 /* FirebaseDatabase */ = {
			isa = XCSwiftPackageProductDependency;
			package = 72A92C8D284F740B00B2F1F4 /* XCRemoteSwiftPackageReference "firebase-ios-sdk" */;
			productName = FirebaseDatabase;
		};
		72A92CA2284F740B00B2F1F4 /* FirebaseDatabaseSwift */ = {
			isa = XCSwiftPackageProductDependency;
			package = 72A92C8D284F740B00B2F1F4 /* XCRemoteSwiftPackageReference "firebase-ios-sdk" */;
			productName = FirebaseDatabaseSwift;
		};
		72A92CA4284F740B00B2F1F4 /* FirebaseDynamicLinks */ = {
			isa = XCSwiftPackageProductDependency;
			package = 72A92C8D284F740B00B2F1F4 /* XCRemoteSwiftPackageReference "firebase-ios-sdk" */;
			productName = FirebaseDynamicLinks;
		};
		72A92CA6284F740B00B2F1F4 /* FirebaseFirestore */ = {
			isa = XCSwiftPackageProductDependency;
			package = 72A92C8D284F740B00B2F1F4 /* XCRemoteSwiftPackageReference "firebase-ios-sdk" */;
			productName = FirebaseFirestore;
		};
		72A92CA8284F740B00B2F1F4 /* FirebaseFirestoreCombine-Community */ = {
			isa = XCSwiftPackageProductDependency;
			package = 72A92C8D284F740B00B2F1F4 /* XCRemoteSwiftPackageReference "firebase-ios-sdk" */;
			productName = "FirebaseFirestoreCombine-Community";
		};
		72A92CAA284F740B00B2F1F4 /* FirebaseFirestoreSwift */ = {
			isa = XCSwiftPackageProductDependency;
			package = 72A92C8D284F740B00B2F1F4 /* XCRemoteSwiftPackageReference "firebase-ios-sdk" */;
			productName = FirebaseFirestoreSwift;
		};
		72A92CAC284F740B00B2F1F4 /* FirebaseFunctions */ = {
			isa = XCSwiftPackageProductDependency;
			package = 72A92C8D284F740B00B2F1F4 /* XCRemoteSwiftPackageReference "firebase-ios-sdk" */;
			productName = FirebaseFunctions;
		};
		72A92CAE284F740B00B2F1F4 /* FirebaseFunctionsCombine-Community */ = {
			isa = XCSwiftPackageProductDependency;
			package = 72A92C8D284F740B00B2F1F4 /* XCRemoteSwiftPackageReference "firebase-ios-sdk" */;
			productName = "FirebaseFunctionsCombine-Community";
		};
		72A92CB0284F740B00B2F1F4 /* FirebaseInAppMessaging-Beta */ = {
			isa = XCSwiftPackageProductDependency;
			package = 72A92C8D284F740B00B2F1F4 /* XCRemoteSwiftPackageReference "firebase-ios-sdk" */;
			productName = "FirebaseInAppMessaging-Beta";
		};
		72A92CB2284F740B00B2F1F4 /* FirebaseInAppMessagingSwift-Beta */ = {
			isa = XCSwiftPackageProductDependency;
			package = 72A92C8D284F740B00B2F1F4 /* XCRemoteSwiftPackageReference "firebase-ios-sdk" */;
			productName = "FirebaseInAppMessagingSwift-Beta";
		};
		72A92CB4284F740B00B2F1F4 /* FirebaseInstallations */ = {
			isa = XCSwiftPackageProductDependency;
			package = 72A92C8D284F740B00B2F1F4 /* XCRemoteSwiftPackageReference "firebase-ios-sdk" */;
			productName = FirebaseInstallations;
		};
		72A92CB6284F740B00B2F1F4 /* FirebaseMLModelDownloader */ = {
			isa = XCSwiftPackageProductDependency;
			package = 72A92C8D284F740B00B2F1F4 /* XCRemoteSwiftPackageReference "firebase-ios-sdk" */;
			productName = FirebaseMLModelDownloader;
		};
		72A92CB8284F740B00B2F1F4 /* FirebaseMessaging */ = {
			isa = XCSwiftPackageProductDependency;
			package = 72A92C8D284F740B00B2F1F4 /* XCRemoteSwiftPackageReference "firebase-ios-sdk" */;
			productName = FirebaseMessaging;
		};
		72A92CBA284F740B00B2F1F4 /* FirebasePerformance */ = {
			isa = XCSwiftPackageProductDependency;
			package = 72A92C8D284F740B00B2F1F4 /* XCRemoteSwiftPackageReference "firebase-ios-sdk" */;
			productName = FirebasePerformance;
		};
		72A92CBC284F740B00B2F1F4 /* FirebaseRemoteConfig */ = {
			isa = XCSwiftPackageProductDependency;
			package = 72A92C8D284F740B00B2F1F4 /* XCRemoteSwiftPackageReference "firebase-ios-sdk" */;
			productName = FirebaseRemoteConfig;
		};
		72A92CBE284F740B00B2F1F4 /* FirebaseRemoteConfigSwift */ = {
			isa = XCSwiftPackageProductDependency;
			package = 72A92C8D284F740B00B2F1F4 /* XCRemoteSwiftPackageReference "firebase-ios-sdk" */;
			productName = FirebaseRemoteConfigSwift;
		};
		72A92CC0284F740B00B2F1F4 /* FirebaseStorage */ = {
			isa = XCSwiftPackageProductDependency;
			package = 72A92C8D284F740B00B2F1F4 /* XCRemoteSwiftPackageReference "firebase-ios-sdk" */;
			productName = FirebaseStorage;
		};
		72A92CC2284F740B00B2F1F4 /* FirebaseStorageCombine-Community */ = {
			isa = XCSwiftPackageProductDependency;
			package = 72A92C8D284F740B00B2F1F4 /* XCRemoteSwiftPackageReference "firebase-ios-sdk" */;
			productName = "FirebaseStorageCombine-Community";
		};
		B0F451AF2871C36C00FF516C /* Alamofire */ = {
			isa = XCSwiftPackageProductDependency;
			package = B0F451AE2871C36C00FF516C /* XCRemoteSwiftPackageReference "Alamofire" */;
			productName = Alamofire;
		};
/* End XCSwiftPackageProductDependency section */
	};
	rootObject = B0FEA0D32845117B00EF8DD9 /* Project object */;
}
