// !$*UTF8*$!
{
	archiveVersion = 1;
	classes = {
	};
	objectVersion = 55;
	objects = {

/* Begin PBXBuildFile section */
		72A92C8C284F6E2300B2F1F4 /* GoogleService-Info.plist in Resources */ = {isa = PBXBuildFile; fileRef = 72A92C8B284F6E2300B2F1F4 /* GoogleService-Info.plist */; };
		72A92C8F284F740B00B2F1F4 /* FirebaseAnalytics in Frameworks */ = {isa = PBXBuildFile; productRef = 72A92C8E284F740B00B2F1F4 /* FirebaseAnalytics */; };
		72A92C91284F740B00B2F1F4 /* FirebaseAnalyticsOnDeviceConversion in Frameworks */ = {isa = PBXBuildFile; productRef = 72A92C90284F740B00B2F1F4 /* FirebaseAnalyticsOnDeviceConversion */; };
		72A92C93284F740B00B2F1F4 /* FirebaseAnalyticsSwift in Frameworks */ = {isa = PBXBuildFile; productRef = 72A92C92284F740B00B2F1F4 /* FirebaseAnalyticsSwift */; };
		72A92C95284F740B00B2F1F4 /* FirebaseAnalyticsWithoutAdIdSupport in Frameworks */ = {isa = PBXBuildFile; productRef = 72A92C94284F740B00B2F1F4 /* FirebaseAnalyticsWithoutAdIdSupport */; };
		72A92C97284F740B00B2F1F4 /* FirebaseAppCheck in Frameworks */ = {isa = PBXBuildFile; productRef = 72A92C96284F740B00B2F1F4 /* FirebaseAppCheck */; };
		72A92C99284F740B00B2F1F4 /* FirebaseAppDistribution-Beta in Frameworks */ = {isa = PBXBuildFile; productRef = 72A92C98284F740B00B2F1F4 /* FirebaseAppDistribution-Beta */; };
		72A92C9B284F740B00B2F1F4 /* FirebaseAuth in Frameworks */ = {isa = PBXBuildFile; productRef = 72A92C9A284F740B00B2F1F4 /* FirebaseAuth */; };
		72A92C9D284F740B00B2F1F4 /* FirebaseAuthCombine-Community in Frameworks */ = {isa = PBXBuildFile; productRef = 72A92C9C284F740B00B2F1F4 /* FirebaseAuthCombine-Community */; };
		72A92C9F284F740B00B2F1F4 /* FirebaseCrashlytics in Frameworks */ = {isa = PBXBuildFile; productRef = 72A92C9E284F740B00B2F1F4 /* FirebaseCrashlytics */; };
		72A92CA1284F740B00B2F1F4 /* FirebaseDatabase in Frameworks */ = {isa = PBXBuildFile; productRef = 72A92CA0284F740B00B2F1F4 /* FirebaseDatabase */; };
		72A92CA3284F740B00B2F1F4 /* FirebaseDatabaseSwift in Frameworks */ = {isa = PBXBuildFile; productRef = 72A92CA2284F740B00B2F1F4 /* FirebaseDatabaseSwift */; };
		72A92CA5284F740B00B2F1F4 /* FirebaseDynamicLinks in Frameworks */ = {isa = PBXBuildFile; productRef = 72A92CA4284F740B00B2F1F4 /* FirebaseDynamicLinks */; };
		72A92CA7284F740B00B2F1F4 /* FirebaseFirestore in Frameworks */ = {isa = PBXBuildFile; productRef = 72A92CA6284F740B00B2F1F4 /* FirebaseFirestore */; };
		72A92CA9284F740B00B2F1F4 /* FirebaseFirestoreCombine-Community in Frameworks */ = {isa = PBXBuildFile; productRef = 72A92CA8284F740B00B2F1F4 /* FirebaseFirestoreCombine-Community */; };
		72A92CAB284F740B00B2F1F4 /* FirebaseFirestoreSwift in Frameworks */ = {isa = PBXBuildFile; productRef = 72A92CAA284F740B00B2F1F4 /* FirebaseFirestoreSwift */; };
		72A92CAD284F740B00B2F1F4 /* FirebaseFunctions in Frameworks */ = {isa = PBXBuildFile; productRef = 72A92CAC284F740B00B2F1F4 /* FirebaseFunctions */; };
		72A92CAF284F740B00B2F1F4 /* FirebaseFunctionsCombine-Community in Frameworks */ = {isa = PBXBuildFile; productRef = 72A92CAE284F740B00B2F1F4 /* FirebaseFunctionsCombine-Community */; };
		72A92CB1284F740B00B2F1F4 /* FirebaseInAppMessaging-Beta in Frameworks */ = {isa = PBXBuildFile; productRef = 72A92CB0284F740B00B2F1F4 /* FirebaseInAppMessaging-Beta */; };
		72A92CB3284F740B00B2F1F4 /* FirebaseInAppMessagingSwift-Beta in Frameworks */ = {isa = PBXBuildFile; productRef = 72A92CB2284F740B00B2F1F4 /* FirebaseInAppMessagingSwift-Beta */; };
		72A92CB5284F740B00B2F1F4 /* FirebaseInstallations in Frameworks */ = {isa = PBXBuildFile; productRef = 72A92CB4284F740B00B2F1F4 /* FirebaseInstallations */; };
		72A92CB7284F740B00B2F1F4 /* FirebaseMLModelDownloader in Frameworks */ = {isa = PBXBuildFile; productRef = 72A92CB6284F740B00B2F1F4 /* FirebaseMLModelDownloader */; };
		72A92CB9284F740B00B2F1F4 /* FirebaseMessaging in Frameworks */ = {isa = PBXBuildFile; productRef = 72A92CB8284F740B00B2F1F4 /* FirebaseMessaging */; };
		72A92CBB284F740B00B2F1F4 /* FirebasePerformance in Frameworks */ = {isa = PBXBuildFile; productRef = 72A92CBA284F740B00B2F1F4 /* FirebasePerformance */; };
		72A92CBD284F740B00B2F1F4 /* FirebaseRemoteConfig in Frameworks */ = {isa = PBXBuildFile; productRef = 72A92CBC284F740B00B2F1F4 /* FirebaseRemoteConfig */; };
		72A92CBF284F740B00B2F1F4 /* FirebaseRemoteConfigSwift in Frameworks */ = {isa = PBXBuildFile; productRef = 72A92CBE284F740B00B2F1F4 /* FirebaseRemoteConfigSwift */; };
		72A92CC1284F740B00B2F1F4 /* FirebaseStorage in Frameworks */ = {isa = PBXBuildFile; productRef = 72A92CC0284F740B00B2F1F4 /* FirebaseStorage */; };
		72A92CC3284F740B00B2F1F4 /* FirebaseStorageCombine-Community in Frameworks */ = {isa = PBXBuildFile; productRef = 72A92CC2284F740B00B2F1F4 /* FirebaseStorageCombine-Community */; };
		72A92CC6284F9CAC00B2F1F4 /* Constants.swift in Sources */ = {isa = PBXBuildFile; fileRef = 72A92CC5284F9CAC00B2F1F4 /* Constants.swift */; };
		72C66AFA284F382800261C91 /* SignUpViewController.swift in Sources */ = {isa = PBXBuildFile; fileRef = 72C66AF9284F382800261C91 /* SignUpViewController.swift */; };
		72C66AFC284F383900261C91 /* LogInViewController.swift in Sources */ = {isa = PBXBuildFile; fileRef = 72C66AFB284F383900261C91 /* LogInViewController.swift */; };
		72C66AFE284F384F00261C91 /* HomeViewController.swift in Sources */ = {isa = PBXBuildFile; fileRef = 72C66AFD284F384F00261C91 /* HomeViewController.swift */; };
		A01B202A2856E40100DA011A /* ProfileViewController.swift in Sources */ = {isa = PBXBuildFile; fileRef = A01B20292856E40100DA011A /* ProfileViewController.swift */; };
		B02330F028597A700037A81B /* Categories.swift in Sources */ = {isa = PBXBuildFile; fileRef = B02330EF28597A700037A81B /* Categories.swift */; };
		B02330F328597F230037A81B /* TopicRepository.swift in Sources */ = {isa = PBXBuildFile; fileRef = B02330F228597F230037A81B /* TopicRepository.swift */; };
		B04CAC61285455E9004E25B9 /* Home.storyboard in Resources */ = {isa = PBXBuildFile; fileRef = B04CAC60285455E9004E25B9 /* Home.storyboard */; };
		B0A5C3922859034200865632 /* TopicViewController.swift in Sources */ = {isa = PBXBuildFile; fileRef = B0A5C3912859034200865632 /* TopicViewController.swift */; };
		B0A5C39428590ADA00865632 /* TableViewCell.swift in Sources */ = {isa = PBXBuildFile; fileRef = B0A5C39328590ADA00865632 /* TableViewCell.swift */; };
		B0A7C4E828531F5600144E6D /* VerificationController.swift in Sources */ = {isa = PBXBuildFile; fileRef = B0A7C4E728531F5600144E6D /* VerificationController.swift */; };
		B0FEA0DF2845117B00EF8DD9 /* AppDelegate.swift in Sources */ = {isa = PBXBuildFile; fileRef = B0FEA0DE2845117B00EF8DD9 /* AppDelegate.swift */; };
		B0FEA0E12845117B00EF8DD9 /* SceneDelegate.swift in Sources */ = {isa = PBXBuildFile; fileRef = B0FEA0E02845117B00EF8DD9 /* SceneDelegate.swift */; };
		B0FEA0E32845117B00EF8DD9 /* ViewController.swift in Sources */ = {isa = PBXBuildFile; fileRef = B0FEA0E22845117B00EF8DD9 /* ViewController.swift */; };
		B0FEA0E62845117B00EF8DD9 /* Main.storyboard in Resources */ = {isa = PBXBuildFile; fileRef = B0FEA0E42845117B00EF8DD9 /* Main.storyboard */; };
		B0FEA0E82845117C00EF8DD9 /* Assets.xcassets in Resources */ = {isa = PBXBuildFile; fileRef = B0FEA0E72845117C00EF8DD9 /* Assets.xcassets */; };
		B0FEA0EB2845117C00EF8DD9 /* LaunchScreen.storyboard in Resources */ = {isa = PBXBuildFile; fileRef = B0FEA0E92845117C00EF8DD9 /* LaunchScreen.storyboard */; };
/* End PBXBuildFile section */

/* Begin PBXFileReference section */
		72A92C8B284F6E2300B2F1F4 /* GoogleService-Info.plist */ = {isa = PBXFileReference; fileEncoding = 4; lastKnownFileType = text.plist.xml; path = "GoogleService-Info.plist"; sourceTree = "<group>"; };
		72A92CC5284F9CAC00B2F1F4 /* Constants.swift */ = {isa = PBXFileReference; lastKnownFileType = sourcecode.swift; path = Constants.swift; sourceTree = "<group>"; };
		72C66AF9284F382800261C91 /* SignUpViewController.swift */ = {isa = PBXFileReference; lastKnownFileType = sourcecode.swift; path = SignUpViewController.swift; sourceTree = "<group>"; };
		72C66AFB284F383900261C91 /* LogInViewController.swift */ = {isa = PBXFileReference; lastKnownFileType = sourcecode.swift; path = LogInViewController.swift; sourceTree = "<group>"; };
		72C66AFD284F384F00261C91 /* HomeViewController.swift */ = {isa = PBXFileReference; lastKnownFileType = sourcecode.swift; path = HomeViewController.swift; sourceTree = "<group>"; };
		A01B20292856E40100DA011A /* ProfileViewController.swift */ = {isa = PBXFileReference; lastKnownFileType = sourcecode.swift; path = ProfileViewController.swift; sourceTree = "<group>"; };
		B02330EF28597A700037A81B /* Categories.swift */ = {isa = PBXFileReference; lastKnownFileType = sourcecode.swift; path = Categories.swift; sourceTree = "<group>"; };
		B02330F228597F230037A81B /* TopicRepository.swift */ = {isa = PBXFileReference; lastKnownFileType = sourcecode.swift; path = TopicRepository.swift; sourceTree = "<group>"; };
		B04CAC60285455E9004E25B9 /* Home.storyboard */ = {isa = PBXFileReference; lastKnownFileType = file.storyboard; path = Home.storyboard; sourceTree = "<group>"; };
		B0A5C3912859034200865632 /* TopicViewController.swift */ = {isa = PBXFileReference; lastKnownFileType = sourcecode.swift; path = TopicViewController.swift; sourceTree = "<group>"; };
		B0A5C39328590ADA00865632 /* TableViewCell.swift */ = {isa = PBXFileReference; lastKnownFileType = sourcecode.swift; path = TableViewCell.swift; sourceTree = "<group>"; };
		B0A7C4E728531F5600144E6D /* VerificationController.swift */ = {isa = PBXFileReference; lastKnownFileType = sourcecode.swift; path = VerificationController.swift; sourceTree = "<group>"; };
		B0FEA0DB2845117B00EF8DD9 /* MC-2.app */ = {isa = PBXFileReference; explicitFileType = wrapper.application; includeInIndex = 0; path = "MC-2.app"; sourceTree = BUILT_PRODUCTS_DIR; };
		B0FEA0DE2845117B00EF8DD9 /* AppDelegate.swift */ = {isa = PBXFileReference; lastKnownFileType = sourcecode.swift; path = AppDelegate.swift; sourceTree = "<group>"; };
		B0FEA0E02845117B00EF8DD9 /* SceneDelegate.swift */ = {isa = PBXFileReference; lastKnownFileType = sourcecode.swift; path = SceneDelegate.swift; sourceTree = "<group>"; };
		B0FEA0E22845117B00EF8DD9 /* ViewController.swift */ = {isa = PBXFileReference; lastKnownFileType = sourcecode.swift; path = ViewController.swift; sourceTree = "<group>"; };
		B0FEA0E52845117B00EF8DD9 /* Base */ = {isa = PBXFileReference; lastKnownFileType = file.storyboard; name = Base; path = Base.lproj/Main.storyboard; sourceTree = "<group>"; };
		B0FEA0E72845117C00EF8DD9 /* Assets.xcassets */ = {isa = PBXFileReference; lastKnownFileType = folder.assetcatalog; path = Assets.xcassets; sourceTree = "<group>"; };
		B0FEA0EA2845117C00EF8DD9 /* Base */ = {isa = PBXFileReference; lastKnownFileType = file.storyboard; name = Base; path = Base.lproj/LaunchScreen.storyboard; sourceTree = "<group>"; };
		B0FEA0EC2845117C00EF8DD9 /* Info.plist */ = {isa = PBXFileReference; lastKnownFileType = text.plist.xml; path = Info.plist; sourceTree = "<group>"; };
/* End PBXFileReference section */

/* Begin PBXFrameworksBuildPhase section */
		B0FEA0D82845117B00EF8DD9 /* Frameworks */ = {
			isa = PBXFrameworksBuildPhase;
			buildActionMask = 2147483647;
			files = (
				72A92CA1284F740B00B2F1F4 /* FirebaseDatabase in Frameworks */,
				72A92CAF284F740B00B2F1F4 /* FirebaseFunctionsCombine-Community in Frameworks */,
				72A92CA7284F740B00B2F1F4 /* FirebaseFirestore in Frameworks */,
				72A92C93284F740B00B2F1F4 /* FirebaseAnalyticsSwift in Frameworks */,
				72A92C8F284F740B00B2F1F4 /* FirebaseAnalytics in Frameworks */,
				72A92C91284F740B00B2F1F4 /* FirebaseAnalyticsOnDeviceConversion in Frameworks */,
				72A92CB7284F740B00B2F1F4 /* FirebaseMLModelDownloader in Frameworks */,
				72A92CAB284F740B00B2F1F4 /* FirebaseFirestoreSwift in Frameworks */,
				72A92C97284F740B00B2F1F4 /* FirebaseAppCheck in Frameworks */,
				72A92C95284F740B00B2F1F4 /* FirebaseAnalyticsWithoutAdIdSupport in Frameworks */,
				72A92C9B284F740B00B2F1F4 /* FirebaseAuth in Frameworks */,
				72A92C9F284F740B00B2F1F4 /* FirebaseCrashlytics in Frameworks */,
				72A92CBF284F740B00B2F1F4 /* FirebaseRemoteConfigSwift in Frameworks */,
				72A92CB1284F740B00B2F1F4 /* FirebaseInAppMessaging-Beta in Frameworks */,
				72A92CA3284F740B00B2F1F4 /* FirebaseDatabaseSwift in Frameworks */,
				72A92CAD284F740B00B2F1F4 /* FirebaseFunctions in Frameworks */,
				72A92CC3284F740B00B2F1F4 /* FirebaseStorageCombine-Community in Frameworks */,
				72A92CBD284F740B00B2F1F4 /* FirebaseRemoteConfig in Frameworks */,
				72A92C99284F740B00B2F1F4 /* FirebaseAppDistribution-Beta in Frameworks */,
				72A92C9D284F740B00B2F1F4 /* FirebaseAuthCombine-Community in Frameworks */,
				72A92CBB284F740B00B2F1F4 /* FirebasePerformance in Frameworks */,
				72A92CB3284F740B00B2F1F4 /* FirebaseInAppMessagingSwift-Beta in Frameworks */,
				72A92CC1284F740B00B2F1F4 /* FirebaseStorage in Frameworks */,
				72A92CA5284F740B00B2F1F4 /* FirebaseDynamicLinks in Frameworks */,
				72A92CA9284F740B00B2F1F4 /* FirebaseFirestoreCombine-Community in Frameworks */,
				72A92CB9284F740B00B2F1F4 /* FirebaseMessaging in Frameworks */,
				72A92CB5284F740B00B2F1F4 /* FirebaseInstallations in Frameworks */,
			);
			runOnlyForDeploymentPostprocessing = 0;
		};
/* End PBXFrameworksBuildPhase section */

/* Begin PBXGroup section */
		72A92CC4284F9C7300B2F1F4 /* Helper */ = {
			isa = PBXGroup;
			children = (
				72A92CC5284F9CAC00B2F1F4 /* Constants.swift */,
			);
			path = Helper;
			sourceTree = "<group>";
		};
		72C66AFF284F385B00261C91 /* View Controllers */ = {
			isa = PBXGroup;
			children = (
				B0A5C3902859032C00865632 /* Topic */,
				B0FEA0E22845117B00EF8DD9 /* ViewController.swift */,
				72C66AF9284F382800261C91 /* SignUpViewController.swift */,
				72C66AFB284F383900261C91 /* LogInViewController.swift */,
				72C66AFD284F384F00261C91 /* HomeViewController.swift */,
				B0A7C4E728531F5600144E6D /* VerificationController.swift */,
				A01B20292856E40100DA011A /* ProfileViewController.swift */,
			);
			path = "View Controllers";
			sourceTree = "<group>";
		};
		B02330F128597F0C0037A81B /* Firebase */ = {
			isa = PBXGroup;
			children = (
				B02330F228597F230037A81B /* TopicRepository.swift */,
			);
			path = Firebase;
			sourceTree = "<group>";
		};
		B0A5C3902859032C00865632 /* Topic */ = {
			isa = PBXGroup;
			children = (
				B0A5C3912859034200865632 /* TopicViewController.swift */,
				B02330EF28597A700037A81B /* Categories.swift */,
			);
			path = Topic;
			sourceTree = "<group>";
		};
		B0FEA0D22845117B00EF8DD9 = {
			isa = PBXGroup;
			children = (
				B0FEA0DD2845117B00EF8DD9 /* MC-2 */,
				B0FEA0DC2845117B00EF8DD9 /* Products */,
			);
			sourceTree = "<group>";
		};
		B0FEA0DC2845117B00EF8DD9 /* Products */ = {
			isa = PBXGroup;
			children = (
				B0FEA0DB2845117B00EF8DD9 /* MC-2.app */,
			);
			name = Products;
			sourceTree = "<group>";
		};
		B0FEA0DD2845117B00EF8DD9 /* MC-2 */ = {
			isa = PBXGroup;
			children = (
				B02330F128597F0C0037A81B /* Firebase */,
				B0FEA0DE2845117B00EF8DD9 /* AppDelegate.swift */,
				B0FEA0E02845117B00EF8DD9 /* SceneDelegate.swift */,
				72C66AFF284F385B00261C91 /* View Controllers */,
				72A92CC4284F9C7300B2F1F4 /* Helper */,
				B0FEA0E42845117B00EF8DD9 /* Main.storyboard */,
				B04CAC60285455E9004E25B9 /* Home.storyboard */,
				B0FEA0E72845117C00EF8DD9 /* Assets.xcassets */,
				B0FEA0E92845117C00EF8DD9 /* LaunchScreen.storyboard */,
				72A92C8B284F6E2300B2F1F4 /* GoogleService-Info.plist */,
				B0FEA0EC2845117C00EF8DD9 /* Info.plist */,
				B0A5C39328590ADA00865632 /* TableViewCell.swift */,
			);
			path = "MC-2";
			sourceTree = "<group>";
		};
/* End PBXGroup section */

/* Begin PBXNativeTarget section */
		B0FEA0DA2845117B00EF8DD9 /* MC-2 */ = {
			isa = PBXNativeTarget;
			buildConfigurationList = B0FEA0EF2845117C00EF8DD9 /* Build configuration list for PBXNativeTarget "MC-2" */;
			buildPhases = (
				B0FEA0D72845117B00EF8DD9 /* Sources */,
				B0FEA0D82845117B00EF8DD9 /* Frameworks */,
				B0FEA0D92845117B00EF8DD9 /* Resources */,
			);
			buildRules = (
			);
			dependencies = (
			);
			name = "MC-2";
			packageProductDependencies = (
				72A92C8E284F740B00B2F1F4 /* FirebaseAnalytics */,
				72A92C90284F740B00B2F1F4 /* FirebaseAnalyticsOnDeviceConversion */,
				72A92C92284F740B00B2F1F4 /* FirebaseAnalyticsSwift */,
				72A92C94284F740B00B2F1F4 /* FirebaseAnalyticsWithoutAdIdSupport */,
				72A92C96284F740B00B2F1F4 /* FirebaseAppCheck */,
				72A92C98284F740B00B2F1F4 /* FirebaseAppDistribution-Beta */,
				72A92C9A284F740B00B2F1F4 /* FirebaseAuth */,
				72A92C9C284F740B00B2F1F4 /* FirebaseAuthCombine-Community */,
				72A92C9E284F740B00B2F1F4 /* FirebaseCrashlytics */,
				72A92CA0284F740B00B2F1F4 /* FirebaseDatabase */,
				72A92CA2284F740B00B2F1F4 /* FirebaseDatabaseSwift */,
				72A92CA4284F740B00B2F1F4 /* FirebaseDynamicLinks */,
				72A92CA6284F740B00B2F1F4 /* FirebaseFirestore */,
				72A92CA8284F740B00B2F1F4 /* FirebaseFirestoreCombine-Community */,
				72A92CAA284F740B00B2F1F4 /* FirebaseFirestoreSwift */,
				72A92CAC284F740B00B2F1F4 /* FirebaseFunctions */,
				72A92CAE284F740B00B2F1F4 /* FirebaseFunctionsCombine-Community */,
				72A92CB0284F740B00B2F1F4 /* FirebaseInAppMessaging-Beta */,
				72A92CB2284F740B00B2F1F4 /* FirebaseInAppMessagingSwift-Beta */,
				72A92CB4284F740B00B2F1F4 /* FirebaseInstallations */,
				72A92CB6284F740B00B2F1F4 /* FirebaseMLModelDownloader */,
				72A92CB8284F740B00B2F1F4 /* FirebaseMessaging */,
				72A92CBA284F740B00B2F1F4 /* FirebasePerformance */,
				72A92CBC284F740B00B2F1F4 /* FirebaseRemoteConfig */,
				72A92CBE284F740B00B2F1F4 /* FirebaseRemoteConfigSwift */,
				72A92CC0284F740B00B2F1F4 /* FirebaseStorage */,
				72A92CC2284F740B00B2F1F4 /* FirebaseStorageCombine-Community */,
			);
			productName = "MC-2";
			productReference = B0FEA0DB2845117B00EF8DD9 /* MC-2.app */;
			productType = "com.apple.product-type.application";
		};
/* End PBXNativeTarget section */

/* Begin PBXProject section */
		B0FEA0D32845117B00EF8DD9 /* Project object */ = {
			isa = PBXProject;
			attributes = {
				BuildIndependentTargetsInParallel = 1;
				LastSwiftUpdateCheck = 1330;
				LastUpgradeCheck = 1330;
				TargetAttributes = {
					B0FEA0DA2845117B00EF8DD9 = {
						CreatedOnToolsVersion = 13.3;
					};
				};
			};
			buildConfigurationList = B0FEA0D62845117B00EF8DD9 /* Build configuration list for PBXProject "MC-2" */;
			compatibilityVersion = "Xcode 13.0";
			developmentRegion = en;
			hasScannedForEncodings = 0;
			knownRegions = (
				en,
				Base,
			);
			mainGroup = B0FEA0D22845117B00EF8DD9;
			packageReferences = (
				72A92C8D284F740B00B2F1F4 /* XCRemoteSwiftPackageReference "firebase-ios-sdk" */,
			);
			productRefGroup = B0FEA0DC2845117B00EF8DD9 /* Products */;
			projectDirPath = "";
			projectRoot = "";
			targets = (
				B0FEA0DA2845117B00EF8DD9 /* MC-2 */,
			);
		};
/* End PBXProject section */

/* Begin PBXResourcesBuildPhase section */
		B0FEA0D92845117B00EF8DD9 /* Resources */ = {
			isa = PBXResourcesBuildPhase;
			buildActionMask = 2147483647;
			files = (
				B0FEA0EB2845117C00EF8DD9 /* LaunchScreen.storyboard in Resources */,
				B04CAC61285455E9004E25B9 /* Home.storyboard in Resources */,
				72A92C8C284F6E2300B2F1F4 /* GoogleService-Info.plist in Resources */,
				B0FEA0E82845117C00EF8DD9 /* Assets.xcassets in Resources */,
				B0FEA0E62845117B00EF8DD9 /* Main.storyboard in Resources */,
			);
			runOnlyForDeploymentPostprocessing = 0;
		};
/* End PBXResourcesBuildPhase section */

/* Begin PBXSourcesBuildPhase section */
		B0FEA0D72845117B00EF8DD9 /* Sources */ = {
			isa = PBXSourcesBuildPhase;
			buildActionMask = 2147483647;
			files = (
				B0FEA0E32845117B00EF8DD9 /* ViewController.swift in Sources */,
				B0FEA0DF2845117B00EF8DD9 /* AppDelegate.swift in Sources */,
				72C66AFA284F382800261C91 /* SignUpViewController.swift in Sources */,
				72C66AFC284F383900261C91 /* LogInViewController.swift in Sources */,
				72A92CC6284F9CAC00B2F1F4 /* Constants.swift in Sources */,
				B02330F028597A700037A81B /* Categories.swift in Sources */,
				B02330F328597F230037A81B /* TopicRepository.swift in Sources */,
				B0FEA0E12845117B00EF8DD9 /* SceneDelegate.swift in Sources */,
				B0A5C39428590ADA00865632 /* TableViewCell.swift in Sources */,
				A01B202A2856E40100DA011A /* ProfileViewController.swift in Sources */,
				B0A7C4E828531F5600144E6D /* VerificationController.swift in Sources */,
				B0A5C3922859034200865632 /* TopicViewController.swift in Sources */,
				72C66AFE284F384F00261C91 /* HomeViewController.swift in Sources */,
			);
			runOnlyForDeploymentPostprocessing = 0;
		};
/* End PBXSourcesBuildPhase section */

/* Begin PBXVariantGroup section */
		B0FEA0E42845117B00EF8DD9 /* Main.storyboard */ = {
			isa = PBXVariantGroup;
			children = (
				B0FEA0E52845117B00EF8DD9 /* Base */,
			);
			name = Main.storyboard;
			sourceTree = "<group>";
		};
		B0FEA0E92845117C00EF8DD9 /* LaunchScreen.storyboard */ = {
			isa = PBXVariantGroup;
			children = (
				B0FEA0EA2845117C00EF8DD9 /* Base */,
			);
			name = LaunchScreen.storyboard;
			sourceTree = "<group>";
		};
/* End PBXVariantGroup section */

/* Begin XCBuildConfiguration section */
		B0FEA0ED2845117C00EF8DD9 /* Debug */ = {
			isa = XCBuildConfiguration;
			buildSettings = {
				ALWAYS_SEARCH_USER_PATHS = NO;
				CLANG_ANALYZER_NONNULL = YES;
				CLANG_ANALYZER_NUMBER_OBJECT_CONVERSION = YES_AGGRESSIVE;
				CLANG_CXX_LANGUAGE_STANDARD = "gnu++17";
				CLANG_ENABLE_MODULES = YES;
				CLANG_ENABLE_OBJC_ARC = YES;
				CLANG_ENABLE_OBJC_WEAK = YES;
				CLANG_WARN_BLOCK_CAPTURE_AUTORELEASING = YES;
				CLANG_WARN_BOOL_CONVERSION = YES;
				CLANG_WARN_COMMA = YES;
				CLANG_WARN_CONSTANT_CONVERSION = YES;
				CLANG_WARN_DEPRECATED_OBJC_IMPLEMENTATIONS = YES;
				CLANG_WARN_DIRECT_OBJC_ISA_USAGE = YES_ERROR;
				CLANG_WARN_DOCUMENTATION_COMMENTS = YES;
				CLANG_WARN_EMPTY_BODY = YES;
				CLANG_WARN_ENUM_CONVERSION = YES;
				CLANG_WARN_INFINITE_RECURSION = YES;
				CLANG_WARN_INT_CONVERSION = YES;
				CLANG_WARN_NON_LITERAL_NULL_CONVERSION = YES;
				CLANG_WARN_OBJC_IMPLICIT_RETAIN_SELF = YES;
				CLANG_WARN_OBJC_LITERAL_CONVERSION = YES;
				CLANG_WARN_OBJC_ROOT_CLASS = YES_ERROR;
				CLANG_WARN_QUOTED_INCLUDE_IN_FRAMEWORK_HEADER = YES;
				CLANG_WARN_RANGE_LOOP_ANALYSIS = YES;
				CLANG_WARN_STRICT_PROTOTYPES = YES;
				CLANG_WARN_SUSPICIOUS_MOVE = YES;
				CLANG_WARN_UNGUARDED_AVAILABILITY = YES_AGGRESSIVE;
				CLANG_WARN_UNREACHABLE_CODE = YES;
				CLANG_WARN__DUPLICATE_METHOD_MATCH = YES;
				COPY_PHASE_STRIP = NO;
				DEBUG_INFORMATION_FORMAT = dwarf;
				ENABLE_STRICT_OBJC_MSGSEND = YES;
				ENABLE_TESTABILITY = YES;
				GCC_C_LANGUAGE_STANDARD = gnu11;
				GCC_DYNAMIC_NO_PIC = NO;
				GCC_NO_COMMON_BLOCKS = YES;
				GCC_OPTIMIZATION_LEVEL = 0;
				GCC_PREPROCESSOR_DEFINITIONS = (
					"DEBUG=1",
					"$(inherited)",
				);
				GCC_WARN_64_TO_32_BIT_CONVERSION = YES;
				GCC_WARN_ABOUT_RETURN_TYPE = YES_ERROR;
				GCC_WARN_UNDECLARED_SELECTOR = YES;
				GCC_WARN_UNINITIALIZED_AUTOS = YES_AGGRESSIVE;
				GCC_WARN_UNUSED_FUNCTION = YES;
				GCC_WARN_UNUSED_VARIABLE = YES;
				IPHONEOS_DEPLOYMENT_TARGET = 15.4;
				MTL_ENABLE_DEBUG_INFO = INCLUDE_SOURCE;
				MTL_FAST_MATH = YES;
				ONLY_ACTIVE_ARCH = YES;
				SDKROOT = iphoneos;
				SWIFT_ACTIVE_COMPILATION_CONDITIONS = DEBUG;
				SWIFT_OPTIMIZATION_LEVEL = "-Onone";
			};
			name = Debug;
		};
		B0FEA0EE2845117C00EF8DD9 /* Release */ = {
			isa = XCBuildConfiguration;
			buildSettings = {
				ALWAYS_SEARCH_USER_PATHS = NO;
				CLANG_ANALYZER_NONNULL = YES;
				CLANG_ANALYZER_NUMBER_OBJECT_CONVERSION = YES_AGGRESSIVE;
				CLANG_CXX_LANGUAGE_STANDARD = "gnu++17";
				CLANG_ENABLE_MODULES = YES;
				CLANG_ENABLE_OBJC_ARC = YES;
				CLANG_ENABLE_OBJC_WEAK = YES;
				CLANG_WARN_BLOCK_CAPTURE_AUTORELEASING = YES;
				CLANG_WARN_BOOL_CONVERSION = YES;
				CLANG_WARN_COMMA = YES;
				CLANG_WARN_CONSTANT_CONVERSION = YES;
				CLANG_WARN_DEPRECATED_OBJC_IMPLEMENTATIONS = YES;
				CLANG_WARN_DIRECT_OBJC_ISA_USAGE = YES_ERROR;
				CLANG_WARN_DOCUMENTATION_COMMENTS = YES;
				CLANG_WARN_EMPTY_BODY = YES;
				CLANG_WARN_ENUM_CONVERSION = YES;
				CLANG_WARN_INFINITE_RECURSION = YES;
				CLANG_WARN_INT_CONVERSION = YES;
				CLANG_WARN_NON_LITERAL_NULL_CONVERSION = YES;
				CLANG_WARN_OBJC_IMPLICIT_RETAIN_SELF = YES;
				CLANG_WARN_OBJC_LITERAL_CONVERSION = YES;
				CLANG_WARN_OBJC_ROOT_CLASS = YES_ERROR;
				CLANG_WARN_QUOTED_INCLUDE_IN_FRAMEWORK_HEADER = YES;
				CLANG_WARN_RANGE_LOOP_ANALYSIS = YES;
				CLANG_WARN_STRICT_PROTOTYPES = YES;
				CLANG_WARN_SUSPICIOUS_MOVE = YES;
				CLANG_WARN_UNGUARDED_AVAILABILITY = YES_AGGRESSIVE;
				CLANG_WARN_UNREACHABLE_CODE = YES;
				CLANG_WARN__DUPLICATE_METHOD_MATCH = YES;
				COPY_PHASE_STRIP = NO;
				DEBUG_INFORMATION_FORMAT = "dwarf-with-dsym";
				ENABLE_NS_ASSERTIONS = NO;
				ENABLE_STRICT_OBJC_MSGSEND = YES;
				GCC_C_LANGUAGE_STANDARD = gnu11;
				GCC_NO_COMMON_BLOCKS = YES;
				GCC_WARN_64_TO_32_BIT_CONVERSION = YES;
				GCC_WARN_ABOUT_RETURN_TYPE = YES_ERROR;
				GCC_WARN_UNDECLARED_SELECTOR = YES;
				GCC_WARN_UNINITIALIZED_AUTOS = YES_AGGRESSIVE;
				GCC_WARN_UNUSED_FUNCTION = YES;
				GCC_WARN_UNUSED_VARIABLE = YES;
				IPHONEOS_DEPLOYMENT_TARGET = 15.4;
				MTL_ENABLE_DEBUG_INFO = NO;
				MTL_FAST_MATH = YES;
				SDKROOT = iphoneos;
				SWIFT_COMPILATION_MODE = wholemodule;
				SWIFT_OPTIMIZATION_LEVEL = "-O";
				VALIDATE_PRODUCT = YES;
			};
			name = Release;
		};
		B0FEA0F02845117C00EF8DD9 /* Debug */ = {
			isa = XCBuildConfiguration;
			buildSettings = {
				ASSETCATALOG_COMPILER_APPICON_NAME = AppIcon;
				ASSETCATALOG_COMPILER_GLOBAL_ACCENT_COLOR_NAME = AccentColor;
				CODE_SIGN_STYLE = Automatic;
				CURRENT_PROJECT_VERSION = 1;
				DEVELOPMENT_TEAM = MMBFGFQP35;
				GENERATE_INFOPLIST_FILE = YES;
				INFOPLIST_FILE = "MC-2/Info.plist";
				INFOPLIST_KEY_UIApplicationSupportsIndirectInputEvents = YES;
				INFOPLIST_KEY_UILaunchStoryboardName = LaunchScreen;
				INFOPLIST_KEY_UIMainStoryboardFile = Main;
				INFOPLIST_KEY_UISupportedInterfaceOrientations_iPad = "UIInterfaceOrientationPortrait UIInterfaceOrientationPortraitUpsideDown UIInterfaceOrientationLandscapeLeft UIInterfaceOrientationLandscapeRight";
				INFOPLIST_KEY_UISupportedInterfaceOrientations_iPhone = "UIInterfaceOrientationPortrait UIInterfaceOrientationLandscapeLeft UIInterfaceOrientationLandscapeRight";
				LD_RUNPATH_SEARCH_PATHS = (
					"$(inherited)",
					"@executable_path/Frameworks",
				);
				MARKETING_VERSION = 1.0;
				PRODUCT_BUNDLE_IDENTIFIER = "com.melvinliu.MC-2";
				PRODUCT_NAME = "$(TARGET_NAME)";
				SWIFT_EMIT_LOC_STRINGS = YES;
				SWIFT_VERSION = 5.0;
				TARGETED_DEVICE_FAMILY = "1,2";
			};
			name = Debug;
		};
		B0FEA0F12845117C00EF8DD9 /* Release */ = {
			isa = XCBuildConfiguration;
			buildSettings = {
				ASSETCATALOG_COMPILER_APPICON_NAME = AppIcon;
				ASSETCATALOG_COMPILER_GLOBAL_ACCENT_COLOR_NAME = AccentColor;
				CODE_SIGN_STYLE = Automatic;
				CURRENT_PROJECT_VERSION = 1;
				DEVELOPMENT_TEAM = MMBFGFQP35;
				GENERATE_INFOPLIST_FILE = YES;
				INFOPLIST_FILE = "MC-2/Info.plist";
				INFOPLIST_KEY_UIApplicationSupportsIndirectInputEvents = YES;
				INFOPLIST_KEY_UILaunchStoryboardName = LaunchScreen;
				INFOPLIST_KEY_UIMainStoryboardFile = Main;
				INFOPLIST_KEY_UISupportedInterfaceOrientations_iPad = "UIInterfaceOrientationPortrait UIInterfaceOrientationPortraitUpsideDown UIInterfaceOrientationLandscapeLeft UIInterfaceOrientationLandscapeRight";
				INFOPLIST_KEY_UISupportedInterfaceOrientations_iPhone = "UIInterfaceOrientationPortrait UIInterfaceOrientationLandscapeLeft UIInterfaceOrientationLandscapeRight";
				LD_RUNPATH_SEARCH_PATHS = (
					"$(inherited)",
					"@executable_path/Frameworks",
				);
				MARKETING_VERSION = 1.0;
				PRODUCT_BUNDLE_IDENTIFIER = "com.melvinliu.MC-2";
				PRODUCT_NAME = "$(TARGET_NAME)";
				SWIFT_EMIT_LOC_STRINGS = YES;
				SWIFT_VERSION = 5.0;
				TARGETED_DEVICE_FAMILY = "1,2";
			};
			name = Release;
		};
/* End XCBuildConfiguration section */

/* Begin XCConfigurationList section */
		B0FEA0D62845117B00EF8DD9 /* Build configuration list for PBXProject "MC-2" */ = {
			isa = XCConfigurationList;
			buildConfigurations = (
				B0FEA0ED2845117C00EF8DD9 /* Debug */,
				B0FEA0EE2845117C00EF8DD9 /* Release */,
			);
			defaultConfigurationIsVisible = 0;
			defaultConfigurationName = Release;
		};
		B0FEA0EF2845117C00EF8DD9 /* Build configuration list for PBXNativeTarget "MC-2" */ = {
			isa = XCConfigurationList;
			buildConfigurations = (
				B0FEA0F02845117C00EF8DD9 /* Debug */,
				B0FEA0F12845117C00EF8DD9 /* Release */,
			);
			defaultConfigurationIsVisible = 0;
			defaultConfigurationName = Release;
		};
/* End XCConfigurationList section */

/* Begin XCRemoteSwiftPackageReference section */
		72A92C8D284F740B00B2F1F4 /* XCRemoteSwiftPackageReference "firebase-ios-sdk" */ = {
			isa = XCRemoteSwiftPackageReference;
			repositoryURL = "https://github.com/firebase/firebase-ios-sdk";
			requirement = {
				kind = upToNextMajorVersion;
				minimumVersion = 9.0.0;
			};
		};
/* End XCRemoteSwiftPackageReference section */

/* Begin XCSwiftPackageProductDependency section */
		72A92C8E284F740B00B2F1F4 /* FirebaseAnalytics */ = {
			isa = XCSwiftPackageProductDependency;
			package = 72A92C8D284F740B00B2F1F4 /* XCRemoteSwiftPackageReference "firebase-ios-sdk" */;
			productName = FirebaseAnalytics;
		};
		72A92C90284F740B00B2F1F4 /* FirebaseAnalyticsOnDeviceConversion */ = {
			isa = XCSwiftPackageProductDependency;
			package = 72A92C8D284F740B00B2F1F4 /* XCRemoteSwiftPackageReference "firebase-ios-sdk" */;
			productName = FirebaseAnalyticsOnDeviceConversion;
		};
		72A92C92284F740B00B2F1F4 /* FirebaseAnalyticsSwift */ = {
			isa = XCSwiftPackageProductDependency;
			package = 72A92C8D284F740B00B2F1F4 /* XCRemoteSwiftPackageReference "firebase-ios-sdk" */;
			productName = FirebaseAnalyticsSwift;
		};
		72A92C94284F740B00B2F1F4 /* FirebaseAnalyticsWithoutAdIdSupport */ = {
			isa = XCSwiftPackageProductDependency;
			package = 72A92C8D284F740B00B2F1F4 /* XCRemoteSwiftPackageReference "firebase-ios-sdk" */;
			productName = FirebaseAnalyticsWithoutAdIdSupport;
		};
		72A92C96284F740B00B2F1F4 /* FirebaseAppCheck */ = {
			isa = XCSwiftPackageProductDependency;
			package = 72A92C8D284F740B00B2F1F4 /* XCRemoteSwiftPackageReference "firebase-ios-sdk" */;
			productName = FirebaseAppCheck;
		};
		72A92C98284F740B00B2F1F4 /* FirebaseAppDistribution-Beta */ = {
			isa = XCSwiftPackageProductDependency;
			package = 72A92C8D284F740B00B2F1F4 /* XCRemoteSwiftPackageReference "firebase-ios-sdk" */;
			productName = "FirebaseAppDistribution-Beta";
		};
		72A92C9A284F740B00B2F1F4 /* FirebaseAuth */ = {
			isa = XCSwiftPackageProductDependency;
			package = 72A92C8D284F740B00B2F1F4 /* XCRemoteSwiftPackageReference "firebase-ios-sdk" */;
			productName = FirebaseAuth;
		};
		72A92C9C284F740B00B2F1F4 /* FirebaseAuthCombine-Community */ = {
			isa = XCSwiftPackageProductDependency;
			package = 72A92C8D284F740B00B2F1F4 /* XCRemoteSwiftPackageReference "firebase-ios-sdk" */;
			productName = "FirebaseAuthCombine-Community";
		};
		72A92C9E284F740B00B2F1F4 /* FirebaseCrashlytics */ = {
			isa = XCSwiftPackageProductDependency;
			package = 72A92C8D284F740B00B2F1F4 /* XCRemoteSwiftPackageReference "firebase-ios-sdk" */;
			productName = FirebaseCrashlytics;
		};
		72A92CA0284F740B00B2F1F4 /* FirebaseDatabase */ = {
			isa = XCSwiftPackageProductDependency;
			package = 72A92C8D284F740B00B2F1F4 /* XCRemoteSwiftPackageReference "firebase-ios-sdk" */;
			productName = FirebaseDatabase;
		};
		72A92CA2284F740B00B2F1F4 /* FirebaseDatabaseSwift */ = {
			isa = XCSwiftPackageProductDependency;
			package = 72A92C8D284F740B00B2F1F4 /* XCRemoteSwiftPackageReference "firebase-ios-sdk" */;
			productName = FirebaseDatabaseSwift;
		};
		72A92CA4284F740B00B2F1F4 /* FirebaseDynamicLinks */ = {
			isa = XCSwiftPackageProductDependency;
			package = 72A92C8D284F740B00B2F1F4 /* XCRemoteSwiftPackageReference "firebase-ios-sdk" */;
			productName = FirebaseDynamicLinks;
		};
		72A92CA6284F740B00B2F1F4 /* FirebaseFirestore */ = {
			isa = XCSwiftPackageProductDependency;
			package = 72A92C8D284F740B00B2F1F4 /* XCRemoteSwiftPackageReference "firebase-ios-sdk" */;
			productName = FirebaseFirestore;
		};
		72A92CA8284F740B00B2F1F4 /* FirebaseFirestoreCombine-Community */ = {
			isa = XCSwiftPackageProductDependency;
			package = 72A92C8D284F740B00B2F1F4 /* XCRemoteSwiftPackageReference "firebase-ios-sdk" */;
			productName = "FirebaseFirestoreCombine-Community";
		};
		72A92CAA284F740B00B2F1F4 /* FirebaseFirestoreSwift */ = {
			isa = XCSwiftPackageProductDependency;
			package = 72A92C8D284F740B00B2F1F4 /* XCRemoteSwiftPackageReference "firebase-ios-sdk" */;
			productName = FirebaseFirestoreSwift;
		};
		72A92CAC284F740B00B2F1F4 /* FirebaseFunctions */ = {
			isa = XCSwiftPackageProductDependency;
			package = 72A92C8D284F740B00B2F1F4 /* XCRemoteSwiftPackageReference "firebase-ios-sdk" */;
			productName = FirebaseFunctions;
		};
		72A92CAE284F740B00B2F1F4 /* FirebaseFunctionsCombine-Community */ = {
			isa = XCSwiftPackageProductDependency;
			package = 72A92C8D284F740B00B2F1F4 /* XCRemoteSwiftPackageReference "firebase-ios-sdk" */;
			productName = "FirebaseFunctionsCombine-Community";
		};
		72A92CB0284F740B00B2F1F4 /* FirebaseInAppMessaging-Beta */ = {
			isa = XCSwiftPackageProductDependency;
			package = 72A92C8D284F740B00B2F1F4 /* XCRemoteSwiftPackageReference "firebase-ios-sdk" */;
			productName = "FirebaseInAppMessaging-Beta";
		};
		72A92CB2284F740B00B2F1F4 /* FirebaseInAppMessagingSwift-Beta */ = {
			isa = XCSwiftPackageProductDependency;
			package = 72A92C8D284F740B00B2F1F4 /* XCRemoteSwiftPackageReference "firebase-ios-sdk" */;
			productName = "FirebaseInAppMessagingSwift-Beta";
		};
		72A92CB4284F740B00B2F1F4 /* FirebaseInstallations */ = {
			isa = XCSwiftPackageProductDependency;
			package = 72A92C8D284F740B00B2F1F4 /* XCRemoteSwiftPackageReference "firebase-ios-sdk" */;
			productName = FirebaseInstallations;
		};
		72A92CB6284F740B00B2F1F4 /* FirebaseMLModelDownloader */ = {
			isa = XCSwiftPackageProductDependency;
			package = 72A92C8D284F740B00B2F1F4 /* XCRemoteSwiftPackageReference "firebase-ios-sdk" */;
			productName = FirebaseMLModelDownloader;
		};
		72A92CB8284F740B00B2F1F4 /* FirebaseMessaging */ = {
			isa = XCSwiftPackageProductDependency;
			package = 72A92C8D284F740B00B2F1F4 /* XCRemoteSwiftPackageReference "firebase-ios-sdk" */;
			productName = FirebaseMessaging;
		};
		72A92CBA284F740B00B2F1F4 /* FirebasePerformance */ = {
			isa = XCSwiftPackageProductDependency;
			package = 72A92C8D284F740B00B2F1F4 /* XCRemoteSwiftPackageReference "firebase-ios-sdk" */;
			productName = FirebasePerformance;
		};
		72A92CBC284F740B00B2F1F4 /* FirebaseRemoteConfig */ = {
			isa = XCSwiftPackageProductDependency;
			package = 72A92C8D284F740B00B2F1F4 /* XCRemoteSwiftPackageReference "firebase-ios-sdk" */;
			productName = FirebaseRemoteConfig;
		};
		72A92CBE284F740B00B2F1F4 /* FirebaseRemoteConfigSwift */ = {
			isa = XCSwiftPackageProductDependency;
			package = 72A92C8D284F740B00B2F1F4 /* XCRemoteSwiftPackageReference "firebase-ios-sdk" */;
			productName = FirebaseRemoteConfigSwift;
		};
		72A92CC0284F740B00B2F1F4 /* FirebaseStorage */ = {
			isa = XCSwiftPackageProductDependency;
			package = 72A92C8D284F740B00B2F1F4 /* XCRemoteSwiftPackageReference "firebase-ios-sdk" */;
			productName = FirebaseStorage;
		};
		72A92CC2284F740B00B2F1F4 /* FirebaseStorageCombine-Community */ = {
			isa = XCSwiftPackageProductDependency;
			package = 72A92C8D284F740B00B2F1F4 /* XCRemoteSwiftPackageReference "firebase-ios-sdk" */;
			productName = "FirebaseStorageCombine-Community";
		};
/* End XCSwiftPackageProductDependency section */
	};
	rootObject = B0FEA0D32845117B00EF8DD9 /* Project object */;
}
